{
  "originHash" : "fa7ab4bc9518bd495b4c17d8a96bebc401eb5a2f99ae8b4bc316b04b7b2aea05",
  "pins" : [
    {
      "identity" : "swiftsdk",
      "kind" : "remoteSourceControl",
      "location" : "https://github.com/TelemetryDeck/SwiftSDK",
      "state" : {
        "revision" : "ad4a03ec7ea7416a4081370f21c86e55b02a5b88",
        "version" : "2.14.1"
      }
    }
  ],
  "version" : 3
}
