// !$*UTF8*$!
{
	archiveVersion = 1;
	classes = {
	};
	objectVersion = 46;
	objects = {

/* Begin PBXBuildFile section */
		E10178021F3F753400F0BC97 /* UIViewExtensions.swift in Sources */ = {isa = PBXBuildFile; fileRef = E10178011F3F753400F0BC97 /* UIViewExtensions.swift */; };
		E107B08B1EB66CE6004C5E91 /* verbs.xml in Resources */ = {isa = PBXBuildFile; fileRef = E107B08A1EB66CE6004C5E91 /* verbs.xml */; };
		E107B0921EB66F28004C5E91 /* VerbParser.swift in Sources */ = {isa = PBXBuildFile; fileRef = E107B0911EB66F28004C5E91 /* VerbParser.swift */; };
		E1151E531E9AEDF100DE44D6 /* AuxiliaryError.swift in Sources */ = {isa = PBXBuildFile; fileRef = E1151E521E9AEDF100DE44D6 /* AuxiliaryError.swift */; };
		E1151E551E9C5D9C00DE44D6 /* VerbCell.swift in Sources */ = {isa = PBXBuildFile; fileRef = E1151E541E9C5D9C00DE44D6 /* VerbCell.swift */; };
		E1151E571E9C610100DE44D6 /* VerbVC.swift in Sources */ = {isa = PBXBuildFile; fileRef = E1151E561E9C610100DE44D6 /* VerbVC.swift */; };
		E115CA391EEC962700DBBD44 /* VerbFamilies.swift in Sources */ = {isa = PBXBuildFile; fileRef = E115CA381EEC962700DBBD44 /* VerbFamilies.swift */; };
		E1171C9121AA1BF000B06342 /* AnalyticsService.swift in Sources */ = {isa = PBXBuildFile; fileRef = E1171C9021AA1BF000B06342 /* AnalyticsService.swift */; };
		E1171C9321AB387500B06342 /* TestAnalyticsService.swift in Sources */ = {isa = PBXBuildFile; fileRef = E1171C9221AB387500B06342 /* TestAnalyticsService.swift */; };
		E1171C9521ACC02200B06342 /* GameCenterManageable.swift in Sources */ = {isa = PBXBuildFile; fileRef = E1171C9421ACC02200B06342 /* GameCenterManageable.swift */; };
		E118CA281FFFD07400612D71 /* ReviewPrompter.swift in Sources */ = {isa = PBXBuildFile; fileRef = E118CA271FFFD07400612D71 /* ReviewPrompter.swift */; };
		E11BC1732004335B00494504 /* SecondSingularQuiz.swift in Sources */ = {isa = PBXBuildFile; fileRef = E11BC1722004335B00494504 /* SecondSingularQuiz.swift */; };
		E11BC175200433AC00494504 /* SecondSingularBrowse.swift in Sources */ = {isa = PBXBuildFile; fileRef = E11BC174200433AC00494504 /* SecondSingularBrowse.swift */; };
		E11CE1021F48867400E74E10 /* sadTrombone.mp3 in Resources */ = {isa = PBXBuildFile; fileRef = E11CE1011F48867400E74E10 /* sadTrombone.mp3 */; };
		E11CFED11FC2083900BD3568 /* NSLayoutConstraintExtension.swift in Sources */ = {isa = PBXBuildFile; fileRef = E11CFED01FC2083900BD3568 /* NSLayoutConstraintExtension.swift */; };
		E1201A041F1AB99F00BCB27D /* MainTabBarVC.swift in Sources */ = {isa = PBXBuildFile; fileRef = E1201A031F1AB99F00BCB27D /* MainTabBarVC.swift */; };
		E12D06A31F5E85A200CDD54E /* VerbCellTests.swift in Sources */ = {isa = PBXBuildFile; fileRef = E12D06A21F5E85A200CDD54E /* VerbCellTests.swift */; };
		E12FCBEE1F391CDA0076AFF1 /* ResultsView.swift in Sources */ = {isa = PBXBuildFile; fileRef = E12FCBED1F391CDA0076AFF1 /* ResultsView.swift */; };
		E139E0E01EC7D27A00B34DE7 /* NSAttributedStringExtension.swift in Sources */ = {isa = PBXBuildFile; fileRef = E139E0DF1EC7D27A00B34DE7 /* NSAttributedStringExtension.swift */; };
		E139E0E41EC7D2E500B34DE7 /* StringExtensions.swift in Sources */ = {isa = PBXBuildFile; fileRef = E139E0E31EC7D2E500B34DE7 /* StringExtensions.swift */; };
		E139E0E61EC7D36200B34DE7 /* Colors.swift in Sources */ = {isa = PBXBuildFile; fileRef = E139E0E51EC7D36200B34DE7 /* Colors.swift */; };
		E14271371F01CA98001D19E1 /* GameKit.framework in Frameworks */ = {isa = PBXBuildFile; fileRef = E14271361F01CA98001D19E1 /* GameKit.framework */; };
		E14271391F01EFF2001D19E1 /* GameCenterManager.swift in Sources */ = {isa = PBXBuildFile; fileRef = E14271381F01EFF2001D19E1 /* GameCenterManager.swift */; };
		E14566BC1EC001ED00C16DC3 /* TenseCell.swift in Sources */ = {isa = PBXBuildFile; fileRef = E14566BB1EC001ED00C16DC3 /* TenseCell.swift */; };
		E14566BE1EC001FD00C16DC3 /* ConjugationCell.swift in Sources */ = {isa = PBXBuildFile; fileRef = E14566BD1EC001FD00C16DC3 /* ConjugationCell.swift */; };
		E14589F41F5B7BB000EEF141 /* BrowseInfoVCTests.swift in Sources */ = {isa = PBXBuildFile; fileRef = E14589F31F5B7BB000EEF141 /* BrowseInfoVCTests.swift */; };
		E14589F61F5B7E9D00EEF141 /* VerbVCTests.swift in Sources */ = {isa = PBXBuildFile; fileRef = E14589F51F5B7E9D00EEF141 /* VerbVCTests.swift */; };
		E1483FAD1EF5A2200052C436 /* Assets.xcassets in Resources */ = {isa = PBXBuildFile; fileRef = E1483FAC1EF5A2200052C436 /* Assets.xcassets */; };
		E1483FAF1EF5C3820052C436 /* Quiz.swift in Sources */ = {isa = PBXBuildFile; fileRef = E1483FAE1EF5C3820052C436 /* Quiz.swift */; };
		E1483FB11EF5C4C60052C436 /* Difficulty.swift in Sources */ = {isa = PBXBuildFile; fileRef = E1483FB01EF5C4C60052C436 /* Difficulty.swift */; };
		E1483FB31EF5CF650052C436 /* QuizState.swift in Sources */ = {isa = PBXBuildFile; fileRef = E1483FB21EF5CF650052C436 /* QuizState.swift */; };
		E1483FB51EF5D0510052C436 /* QuizDelegate.swift in Sources */ = {isa = PBXBuildFile; fileRef = E1483FB41EF5D0510052C436 /* QuizDelegate.swift */; };
		E1483FBB1EF6F82A0052C436 /* QuizVC.swift in Sources */ = {isa = PBXBuildFile; fileRef = E1483FBA1EF6F82A0052C436 /* QuizVC.swift */; };
		E1483FC01EF746D70052C436 /* chime.mp3 in Resources */ = {isa = PBXBuildFile; fileRef = E1483FBE1EF746D70052C436 /* chime.mp3 */; };
		E1483FC41EF7510F0052C436 /* UIApplicationExtension.swift in Sources */ = {isa = PBXBuildFile; fileRef = E1483FC31EF7510F0052C436 /* UIApplicationExtension.swift */; };
		E1483FC81EF89C710052C436 /* applause1.mp3 in Resources */ = {isa = PBXBuildFile; fileRef = E1483FC51EF89C710052C436 /* applause1.mp3 */; };
		E1483FC91EF89C710052C436 /* applause2.mp3 in Resources */ = {isa = PBXBuildFile; fileRef = E1483FC61EF89C710052C436 /* applause2.mp3 */; };
		E1483FCA1EF89C710052C436 /* applause3.mp3 in Resources */ = {isa = PBXBuildFile; fileRef = E1483FC71EF89C710052C436 /* applause3.mp3 */; };
		E1483FCC1EF89D4E0052C436 /* chirp.mp3 in Resources */ = {isa = PBXBuildFile; fileRef = E1483FCB1EF89D4E0052C436 /* chirp.mp3 */; };
		E1483FCE1EF89DAD0052C436 /* buzz.mp3 in Resources */ = {isa = PBXBuildFile; fileRef = E1483FCD1EF89DAD0052C436 /* buzz.mp3 */; };
		E1483FD01EF961880052C436 /* ConjugationComparison.swift in Sources */ = {isa = PBXBuildFile; fileRef = E1483FCF1EF961880052C436 /* ConjugationComparison.swift */; };
		E14BAD901EFF1474000D91C5 /* SettingsVC.swift in Sources */ = {isa = PBXBuildFile; fileRef = E14BAD8F1EFF1473000D91C5 /* SettingsVC.swift */; };
		E14BAD921F0049AF000D91C5 /* ResultsVC.swift in Sources */ = {isa = PBXBuildFile; fileRef = E14BAD911F0049AF000D91C5 /* ResultsVC.swift */; };
		E14BAD941F006423000D91C5 /* ResultCell.swift in Sources */ = {isa = PBXBuildFile; fileRef = E14BAD931F006423000D91C5 /* ResultCell.swift */; };
		E151222D21A0DBB0008EF307 /* Settings.swift in Sources */ = {isa = PBXBuildFile; fileRef = E151222C21A0DBB0008EF307 /* Settings.swift */; };
		E151223121A62AE9008EF307 /* ReviewPrompterTests.swift in Sources */ = {isa = PBXBuildFile; fileRef = E151223021A62AE9008EF307 /* ReviewPrompterTests.swift */; };
		E15A18531E9199C3008455DD /* ConjugatorError.swift in Sources */ = {isa = PBXBuildFile; fileRef = E15A18521E9199C3008455DD /* ConjugatorError.swift */; };
		E15D3BF11F532F4E003771BB /* BrowseVerbsVCTests.swift in Sources */ = {isa = PBXBuildFile; fileRef = E15D3BF01F532F4E003771BB /* BrowseVerbsVCTests.swift */; };
		E15D3BF61F533997003771BB /* MockNavigationC.swift in Sources */ = {isa = PBXBuildFile; fileRef = E15D3BF51F533997003771BB /* MockNavigationC.swift */; };
		E15E63F61F3A29890083DB4B /* Layout.swift in Sources */ = {isa = PBXBuildFile; fileRef = E15E63F51F3A29880083DB4B /* Layout.swift */; };
		E168865321ADA020005B8636 /* TestGameCenterManager.swift in Sources */ = {isa = PBXBuildFile; fileRef = E168865221ADA020005B8636 /* TestGameCenterManager.swift */; };
		E16BEA041F09BCC70053DD32 /* Fonts.swift in Sources */ = {isa = PBXBuildFile; fileRef = E16BEA031F09BCC70053DD32 /* Fonts.swift */; };
		E16BEA061F0A92040053DD32 /* InfoDelegate.swift in Sources */ = {isa = PBXBuildFile; fileRef = E16BEA051F0A92040053DD32 /* InfoDelegate.swift */; };
		E18010781F1BCA0800E8608C /* BrowseVerbsView.swift in Sources */ = {isa = PBXBuildFile; fileRef = E18010771F1BCA0800E8608C /* BrowseVerbsView.swift */; };
		E18145D81F2E3E170048DEE2 /* BrowseInfoView.swift in Sources */ = {isa = PBXBuildFile; fileRef = E18145D71F2E3E170048DEE2 /* BrowseInfoView.swift */; };
		E18145DA1F2E43630048DEE2 /* InfoView.swift in Sources */ = {isa = PBXBuildFile; fileRef = E18145D91F2E43630048DEE2 /* InfoView.swift */; };
		E18145DC1F2E49B20048DEE2 /* UILabelExtension.swift in Sources */ = {isa = PBXBuildFile; fileRef = E18145DB1F2E49B20048DEE2 /* UILabelExtension.swift */; };
		E182F8D21F48AA1400D4569E /* UIAlertControllerExtension.swift in Sources */ = {isa = PBXBuildFile; fileRef = E182F8D11F48AA1400D4569E /* UIAlertControllerExtension.swift */; };
		E188B56021AF78CE009777D8 /* ReviewPromptable.swift in Sources */ = {isa = PBXBuildFile; fileRef = E188B55F21AF78CE009777D8 /* ReviewPromptable.swift */; };
		E188B56221AF7920009777D8 /* TestReviewPrompter.swift in Sources */ = {isa = PBXBuildFile; fileRef = E188B56121AF7920009777D8 /* TestReviewPrompter.swift */; };
		E18D5FA71F1EFD2700313113 /* VerbView.swift in Sources */ = {isa = PBXBuildFile; fileRef = E18D5FA61F1EFD2700313113 /* VerbView.swift */; };
		E18F7F381ECA7C9A00633200 /* Utterer.swift in Sources */ = {isa = PBXBuildFile; fileRef = E18F7F371ECA7C9A00633200 /* Utterer.swift */; };
		E18F7F3A1ECA7DA700633200 /* SoundPlayer.swift in Sources */ = {isa = PBXBuildFile; fileRef = E18F7F391ECA7DA700633200 /* SoundPlayer.swift */; };
		E18F7F3C1ECA7DF000633200 /* Sound.swift in Sources */ = {isa = PBXBuildFile; fileRef = E18F7F3B1ECA7DF000633200 /* Sound.swift */; };
		E18F7F3E1ECA7E3700633200 /* silence.mp3 in Resources */ = {isa = PBXBuildFile; fileRef = E18F7F3D1ECA7E3700633200 /* silence.mp3 */; };
		E191C9B81EBEB27500F715E7 /* VerbType.swift in Sources */ = {isa = PBXBuildFile; fileRef = E191C9B71EBEB27500F715E7 /* VerbType.swift */; };
		E19382021F082257005268FF /* BrowseInfoVC.swift in Sources */ = {isa = PBXBuildFile; fileRef = E19382011F082257005268FF /* BrowseInfoVC.swift */; };
		E19382041F0822B2005268FF /* InfoVC.swift in Sources */ = {isa = PBXBuildFile; fileRef = E19382031F0822B2005268FF /* InfoVC.swift */; };
		E19382061F0829F6005268FF /* InfoCell.swift in Sources */ = {isa = PBXBuildFile; fileRef = E19382051F0829F6005268FF /* InfoCell.swift */; };
		E19794342073D0C90015D490 /* gun.mp3 in Resources */ = {isa = PBXBuildFile; fileRef = E19794332073D0C90015D490 /* gun.mp3 */; };
		E198F9021F5D79F100BAF553 /* VerbViewTests.swift in Sources */ = {isa = PBXBuildFile; fileRef = E198F9011F5D79F100BAF553 /* VerbViewTests.swift */; };
		E198F9051F5D7CB200BAF553 /* ConjugatorTests.swift in Sources */ = {isa = PBXBuildFile; fileRef = E198F9041F5D7CB200BAF553 /* ConjugatorTests.swift */; };
		E1A44314200D10D200C48857 /* ConjugationDataSource.swift in Sources */ = {isa = PBXBuildFile; fileRef = E1A44313200D10D200C48857 /* ConjugationDataSource.swift */; };
		E1A789771F00751D0006CA77 /* IntExtension.swift in Sources */ = {isa = PBXBuildFile; fileRef = E1A789761F00751D0006CA77 /* IntExtension.swift */; };
		E1AB244F1F083CB300FE76E8 /* Info.swift in Sources */ = {isa = PBXBuildFile; fileRef = E1AB244E1F083CB300FE76E8 /* Info.swift */; };
		E1D1D8F81F33732D006A6052 /* QuizView.swift in Sources */ = {isa = PBXBuildFile; fileRef = E1D1D8F71F33732D006A6052 /* QuizView.swift */; };
		E1EC70F12198A10B00872787 /* UIViewControllerExtension.swift in Sources */ = {isa = PBXBuildFile; fileRef = E1EC70F02198A10B00872787 /* UIViewControllerExtension.swift */; };
		E1EC70F22198A10B00872787 /* UIViewControllerExtension.swift in Sources */ = {isa = PBXBuildFile; fileRef = E1EC70F02198A10B00872787 /* UIViewControllerExtension.swift */; };
		E1EC70F52198A63700872787 /* AWSCore.framework in Frameworks */ = {isa = PBXBuildFile; fileRef = E1EC70F32198A63600872787 /* AWSCore.framework */; };
		E1EC70F62198A63700872787 /* AWSCore.framework in Embed Frameworks */ = {isa = PBXBuildFile; fileRef = E1EC70F32198A63600872787 /* AWSCore.framework */; settings = {ATTRIBUTES = (CodeSignOnCopy, RemoveHeadersOnCopy, ); }; };
		E1EC70F72198A63700872787 /* AWSPinpoint.framework in Frameworks */ = {isa = PBXBuildFile; fileRef = E1EC70F42198A63700872787 /* AWSPinpoint.framework */; };
		E1EC70F82198A63700872787 /* AWSPinpoint.framework in Embed Frameworks */ = {isa = PBXBuildFile; fileRef = E1EC70F42198A63700872787 /* AWSPinpoint.framework */; settings = {ATTRIBUTES = (CodeSignOnCopy, RemoveHeadersOnCopy, ); }; };
		E1EC70FD2198BA0D00872787 /* awsconfiguration.json in Resources */ = {isa = PBXBuildFile; fileRef = E1EC70FC2198BA0D00872787 /* awsconfiguration.json */; };
		E1EC71012198BA6400872787 /* AWSAnalyticsService.swift in Sources */ = {isa = PBXBuildFile; fileRef = E1EC70FF2198BA6300872787 /* AWSAnalyticsService.swift */; };
		E1EC71032198BA8A00872787 /* DeviceUtility.swift in Sources */ = {isa = PBXBuildFile; fileRef = E1EC71022198BA8A00872787 /* DeviceUtility.swift */; };
		E1F06AD81E8F05F300ADD2E1 /* AppDelegate.swift in Sources */ = {isa = PBXBuildFile; fileRef = E1F06AD71E8F05F300ADD2E1 /* AppDelegate.swift */; };
		E1F06ADA1E8F05F300ADD2E1 /* BrowseVerbsVC.swift in Sources */ = {isa = PBXBuildFile; fileRef = E1F06AD91E8F05F300ADD2E1 /* BrowseVerbsVC.swift */; };
		E1F06AE21E8F05F300ADD2E1 /* LaunchScreen.storyboard in Resources */ = {isa = PBXBuildFile; fileRef = E1F06AE01E8F05F300ADD2E1 /* LaunchScreen.storyboard */; };
		E1F06AED1E8F05F400ADD2E1 /* MainTabBarVCTests.swift in Sources */ = {isa = PBXBuildFile; fileRef = E1F06AEC1E8F05F400ADD2E1 /* MainTabBarVCTests.swift */; };
		E1F06AF81E8F081700ADD2E1 /* Conjugator.swift in Sources */ = {isa = PBXBuildFile; fileRef = E1F06AF71E8F081700ADD2E1 /* Conjugator.swift */; };
		E1F06AFB1E8F087000ADD2E1 /* Region.swift in Sources */ = {isa = PBXBuildFile; fileRef = E1F06AFA1E8F087000ADD2E1 /* Region.swift */; };
		E1F06AFD1E8F08D500ADD2E1 /* Tense.swift in Sources */ = {isa = PBXBuildFile; fileRef = E1F06AFC1E8F08D500ADD2E1 /* Tense.swift */; };
		E1F06B011E8F0C5A00ADD2E1 /* PersonNumber.swift in Sources */ = {isa = PBXBuildFile; fileRef = E1F06B001E8F0C5A00ADD2E1 /* PersonNumber.swift */; };
		E1F06B041E8F0E9300ADD2E1 /* Result.swift in Sources */ = {isa = PBXBuildFile; fileRef = E1F06B031E8F0E9300ADD2E1 /* Result.swift */; };
		E1F06B061E8F0EA300ADD2E1 /* ResultProtocol.swift in Sources */ = {isa = PBXBuildFile; fileRef = E1F06B051E8F0EA300ADD2E1 /* ResultProtocol.swift */; };
		E1F289A71F30C666006B3C3E /* SettingsView.swift in Sources */ = {isa = PBXBuildFile; fileRef = E1F289A61F30C666006B3C3E /* SettingsView.swift */; };
/* End PBXBuildFile section */

/* Begin PBXContainerItemProxy section */
		E1F06AE91E8F05F400ADD2E1 /* PBXContainerItemProxy */ = {
			isa = PBXContainerItemProxy;
			containerPortal = E1F06ACC1E8F05F200ADD2E1 /* Project object */;
			proxyType = 1;
			remoteGlobalIDString = E1F06AD31E8F05F200ADD2E1;
			remoteInfo = Conjugar;
		};
/* End PBXContainerItemProxy section */

/* Begin PBXCopyFilesBuildPhase section */
		E1EC70F92198A63700872787 /* Embed Frameworks */ = {
			isa = PBXCopyFilesBuildPhase;
			buildActionMask = 2147483647;
			dstPath = "";
			dstSubfolderSpec = 10;
			files = (
				E1EC70F62198A63700872787 /* AWSCore.framework in Embed Frameworks */,
				E1EC70F82198A63700872787 /* AWSPinpoint.framework in Embed Frameworks */,
			);
			name = "Embed Frameworks";
			runOnlyForDeploymentPostprocessing = 0;
		};
/* End PBXCopyFilesBuildPhase section */

/* Begin PBXFileReference section */
		E10178011F3F753400F0BC97 /* UIViewExtensions.swift */ = {isa = PBXFileReference; lastKnownFileType = sourcecode.swift; path = UIViewExtensions.swift; sourceTree = "<group>"; };
		E107B08A1EB66CE6004C5E91 /* verbs.xml */ = {isa = PBXFileReference; fileEncoding = 4; lastKnownFileType = text.xml; path = verbs.xml; sourceTree = "<group>"; };
		E107B0911EB66F28004C5E91 /* VerbParser.swift */ = {isa = PBXFileReference; fileEncoding = 4; lastKnownFileType = sourcecode.swift; path = VerbParser.swift; sourceTree = "<group>"; };
		E1151E521E9AEDF100DE44D6 /* AuxiliaryError.swift */ = {isa = PBXFileReference; fileEncoding = 4; lastKnownFileType = sourcecode.swift; path = AuxiliaryError.swift; sourceTree = "<group>"; };
		E1151E541E9C5D9C00DE44D6 /* VerbCell.swift */ = {isa = PBXFileReference; fileEncoding = 4; lastKnownFileType = sourcecode.swift; path = VerbCell.swift; sourceTree = "<group>"; };
		E1151E561E9C610100DE44D6 /* VerbVC.swift */ = {isa = PBXFileReference; fileEncoding = 4; lastKnownFileType = sourcecode.swift; path = VerbVC.swift; sourceTree = "<group>"; };
		E115CA381EEC962700DBBD44 /* VerbFamilies.swift */ = {isa = PBXFileReference; fileEncoding = 4; lastKnownFileType = sourcecode.swift; path = VerbFamilies.swift; sourceTree = "<group>"; };
		E1171C9021AA1BF000B06342 /* AnalyticsService.swift */ = {isa = PBXFileReference; lastKnownFileType = sourcecode.swift; path = AnalyticsService.swift; sourceTree = "<group>"; };
		E1171C9221AB387500B06342 /* TestAnalyticsService.swift */ = {isa = PBXFileReference; lastKnownFileType = sourcecode.swift; path = TestAnalyticsService.swift; sourceTree = "<group>"; };
		E1171C9421ACC02200B06342 /* GameCenterManageable.swift */ = {isa = PBXFileReference; lastKnownFileType = sourcecode.swift; path = GameCenterManageable.swift; sourceTree = "<group>"; };
		E118CA271FFFD07400612D71 /* ReviewPrompter.swift */ = {isa = PBXFileReference; lastKnownFileType = sourcecode.swift; path = ReviewPrompter.swift; sourceTree = "<group>"; };
		E11BC1722004335B00494504 /* SecondSingularQuiz.swift */ = {isa = PBXFileReference; lastKnownFileType = sourcecode.swift; path = SecondSingularQuiz.swift; sourceTree = "<group>"; };
		E11BC174200433AC00494504 /* SecondSingularBrowse.swift */ = {isa = PBXFileReference; lastKnownFileType = sourcecode.swift; path = SecondSingularBrowse.swift; sourceTree = "<group>"; };
		E11CE1011F48867400E74E10 /* sadTrombone.mp3 */ = {isa = PBXFileReference; lastKnownFileType = audio.mp3; path = sadTrombone.mp3; sourceTree = "<group>"; };
		E11CFED01FC2083900BD3568 /* NSLayoutConstraintExtension.swift */ = {isa = PBXFileReference; lastKnownFileType = sourcecode.swift; path = NSLayoutConstraintExtension.swift; sourceTree = "<group>"; };
		E1201A031F1AB99F00BCB27D /* MainTabBarVC.swift */ = {isa = PBXFileReference; lastKnownFileType = sourcecode.swift; path = MainTabBarVC.swift; sourceTree = "<group>"; };
		E12D06A21F5E85A200CDD54E /* VerbCellTests.swift */ = {isa = PBXFileReference; lastKnownFileType = sourcecode.swift; path = VerbCellTests.swift; sourceTree = "<group>"; };
		E12FCBED1F391CDA0076AFF1 /* ResultsView.swift */ = {isa = PBXFileReference; lastKnownFileType = sourcecode.swift; path = ResultsView.swift; sourceTree = "<group>"; };
		E139E0DF1EC7D27A00B34DE7 /* NSAttributedStringExtension.swift */ = {isa = PBXFileReference; fileEncoding = 4; lastKnownFileType = sourcecode.swift; path = NSAttributedStringExtension.swift; sourceTree = "<group>"; };
		E139E0E31EC7D2E500B34DE7 /* StringExtensions.swift */ = {isa = PBXFileReference; fileEncoding = 4; lastKnownFileType = sourcecode.swift; path = StringExtensions.swift; sourceTree = "<group>"; };
		E139E0E51EC7D36200B34DE7 /* Colors.swift */ = {isa = PBXFileReference; fileEncoding = 4; lastKnownFileType = sourcecode.swift; path = Colors.swift; sourceTree = "<group>"; };
		E14271361F01CA98001D19E1 /* GameKit.framework */ = {isa = PBXFileReference; lastKnownFileType = wrapper.framework; name = GameKit.framework; path = System/Library/Frameworks/GameKit.framework; sourceTree = SDKROOT; };
		E14271381F01EFF2001D19E1 /* GameCenterManager.swift */ = {isa = PBXFileReference; fileEncoding = 4; lastKnownFileType = sourcecode.swift; path = GameCenterManager.swift; sourceTree = "<group>"; };
		E14566BB1EC001ED00C16DC3 /* TenseCell.swift */ = {isa = PBXFileReference; fileEncoding = 4; lastKnownFileType = sourcecode.swift; path = TenseCell.swift; sourceTree = "<group>"; };
		E14566BD1EC001FD00C16DC3 /* ConjugationCell.swift */ = {isa = PBXFileReference; fileEncoding = 4; lastKnownFileType = sourcecode.swift; path = ConjugationCell.swift; sourceTree = "<group>"; };
		E14589F31F5B7BB000EEF141 /* BrowseInfoVCTests.swift */ = {isa = PBXFileReference; lastKnownFileType = sourcecode.swift; path = BrowseInfoVCTests.swift; sourceTree = "<group>"; };
		E14589F51F5B7E9D00EEF141 /* VerbVCTests.swift */ = {isa = PBXFileReference; lastKnownFileType = sourcecode.swift; path = VerbVCTests.swift; sourceTree = "<group>"; };
		E1483FAC1EF5A2200052C436 /* Assets.xcassets */ = {isa = PBXFileReference; lastKnownFileType = folder.assetcatalog; path = Assets.xcassets; sourceTree = "<group>"; };
		E1483FAE1EF5C3820052C436 /* Quiz.swift */ = {isa = PBXFileReference; fileEncoding = 4; lastKnownFileType = sourcecode.swift; path = Quiz.swift; sourceTree = "<group>"; };
		E1483FB01EF5C4C60052C436 /* Difficulty.swift */ = {isa = PBXFileReference; fileEncoding = 4; lastKnownFileType = sourcecode.swift; path = Difficulty.swift; sourceTree = "<group>"; };
		E1483FB21EF5CF650052C436 /* QuizState.swift */ = {isa = PBXFileReference; fileEncoding = 4; lastKnownFileType = sourcecode.swift; path = QuizState.swift; sourceTree = "<group>"; };
		E1483FB41EF5D0510052C436 /* QuizDelegate.swift */ = {isa = PBXFileReference; fileEncoding = 4; lastKnownFileType = sourcecode.swift; path = QuizDelegate.swift; sourceTree = "<group>"; };
		E1483FBA1EF6F82A0052C436 /* QuizVC.swift */ = {isa = PBXFileReference; fileEncoding = 4; lastKnownFileType = sourcecode.swift; path = QuizVC.swift; sourceTree = "<group>"; };
		E1483FBE1EF746D70052C436 /* chime.mp3 */ = {isa = PBXFileReference; lastKnownFileType = audio.mp3; path = chime.mp3; sourceTree = "<group>"; };
		E1483FC31EF7510F0052C436 /* UIApplicationExtension.swift */ = {isa = PBXFileReference; fileEncoding = 4; lastKnownFileType = sourcecode.swift; path = UIApplicationExtension.swift; sourceTree = "<group>"; };
		E1483FC51EF89C710052C436 /* applause1.mp3 */ = {isa = PBXFileReference; lastKnownFileType = audio.mp3; path = applause1.mp3; sourceTree = "<group>"; };
		E1483FC61EF89C710052C436 /* applause2.mp3 */ = {isa = PBXFileReference; lastKnownFileType = audio.mp3; path = applause2.mp3; sourceTree = "<group>"; };
		E1483FC71EF89C710052C436 /* applause3.mp3 */ = {isa = PBXFileReference; lastKnownFileType = audio.mp3; path = applause3.mp3; sourceTree = "<group>"; };
		E1483FCB1EF89D4E0052C436 /* chirp.mp3 */ = {isa = PBXFileReference; lastKnownFileType = audio.mp3; path = chirp.mp3; sourceTree = "<group>"; };
		E1483FCD1EF89DAD0052C436 /* buzz.mp3 */ = {isa = PBXFileReference; lastKnownFileType = audio.mp3; path = buzz.mp3; sourceTree = "<group>"; };
		E1483FCF1EF961880052C436 /* ConjugationComparison.swift */ = {isa = PBXFileReference; fileEncoding = 4; lastKnownFileType = sourcecode.swift; path = ConjugationComparison.swift; sourceTree = "<group>"; };
		E14BAD8F1EFF1473000D91C5 /* SettingsVC.swift */ = {isa = PBXFileReference; fileEncoding = 4; lastKnownFileType = sourcecode.swift; path = SettingsVC.swift; sourceTree = "<group>"; };
		E14BAD911F0049AF000D91C5 /* ResultsVC.swift */ = {isa = PBXFileReference; fileEncoding = 4; lastKnownFileType = sourcecode.swift; path = ResultsVC.swift; sourceTree = "<group>"; };
		E14BAD931F006423000D91C5 /* ResultCell.swift */ = {isa = PBXFileReference; fileEncoding = 4; lastKnownFileType = sourcecode.swift; path = ResultCell.swift; sourceTree = "<group>"; };
		E151222C21A0DBB0008EF307 /* Settings.swift */ = {isa = PBXFileReference; lastKnownFileType = sourcecode.swift; path = Settings.swift; sourceTree = "<group>"; };
		E151223021A62AE9008EF307 /* ReviewPrompterTests.swift */ = {isa = PBXFileReference; lastKnownFileType = sourcecode.swift; path = ReviewPrompterTests.swift; sourceTree = "<group>"; };
		E15A18521E9199C3008455DD /* ConjugatorError.swift */ = {isa = PBXFileReference; fileEncoding = 4; lastKnownFileType = sourcecode.swift; path = ConjugatorError.swift; sourceTree = "<group>"; };
		E15D3BF01F532F4E003771BB /* BrowseVerbsVCTests.swift */ = {isa = PBXFileReference; lastKnownFileType = sourcecode.swift; path = BrowseVerbsVCTests.swift; sourceTree = "<group>"; };
		E15D3BF51F533997003771BB /* MockNavigationC.swift */ = {isa = PBXFileReference; lastKnownFileType = sourcecode.swift; path = MockNavigationC.swift; sourceTree = "<group>"; };
		E15E63F51F3A29880083DB4B /* Layout.swift */ = {isa = PBXFileReference; lastKnownFileType = sourcecode.swift; path = Layout.swift; sourceTree = "<group>"; };
		E168865221ADA020005B8636 /* TestGameCenterManager.swift */ = {isa = PBXFileReference; lastKnownFileType = sourcecode.swift; path = TestGameCenterManager.swift; sourceTree = "<group>"; };
		E16BEA031F09BCC70053DD32 /* Fonts.swift */ = {isa = PBXFileReference; lastKnownFileType = sourcecode.swift; path = Fonts.swift; sourceTree = "<group>"; };
		E16BEA051F0A92040053DD32 /* InfoDelegate.swift */ = {isa = PBXFileReference; lastKnownFileType = sourcecode.swift; path = InfoDelegate.swift; sourceTree = "<group>"; };
		E18010771F1BCA0800E8608C /* BrowseVerbsView.swift */ = {isa = PBXFileReference; lastKnownFileType = sourcecode.swift; path = BrowseVerbsView.swift; sourceTree = "<group>"; };
		E18145D71F2E3E170048DEE2 /* BrowseInfoView.swift */ = {isa = PBXFileReference; lastKnownFileType = sourcecode.swift; path = BrowseInfoView.swift; sourceTree = "<group>"; };
		E18145D91F2E43630048DEE2 /* InfoView.swift */ = {isa = PBXFileReference; lastKnownFileType = sourcecode.swift; path = InfoView.swift; sourceTree = "<group>"; };
		E18145DB1F2E49B20048DEE2 /* UILabelExtension.swift */ = {isa = PBXFileReference; lastKnownFileType = sourcecode.swift; path = UILabelExtension.swift; sourceTree = "<group>"; };
		E182F8D11F48AA1400D4569E /* UIAlertControllerExtension.swift */ = {isa = PBXFileReference; lastKnownFileType = sourcecode.swift; path = UIAlertControllerExtension.swift; sourceTree = "<group>"; };
		E188B55F21AF78CE009777D8 /* ReviewPromptable.swift */ = {isa = PBXFileReference; lastKnownFileType = sourcecode.swift; path = ReviewPromptable.swift; sourceTree = "<group>"; };
		E188B56121AF7920009777D8 /* TestReviewPrompter.swift */ = {isa = PBXFileReference; lastKnownFileType = sourcecode.swift; path = TestReviewPrompter.swift; sourceTree = "<group>"; };
		E18D5FA61F1EFD2700313113 /* VerbView.swift */ = {isa = PBXFileReference; lastKnownFileType = sourcecode.swift; path = VerbView.swift; sourceTree = "<group>"; };
		E18F7F371ECA7C9A00633200 /* Utterer.swift */ = {isa = PBXFileReference; fileEncoding = 4; lastKnownFileType = sourcecode.swift; path = Utterer.swift; sourceTree = "<group>"; };
		E18F7F391ECA7DA700633200 /* SoundPlayer.swift */ = {isa = PBXFileReference; fileEncoding = 4; lastKnownFileType = sourcecode.swift; path = SoundPlayer.swift; sourceTree = "<group>"; };
		E18F7F3B1ECA7DF000633200 /* Sound.swift */ = {isa = PBXFileReference; fileEncoding = 4; lastKnownFileType = sourcecode.swift; path = Sound.swift; sourceTree = "<group>"; };
		E18F7F3D1ECA7E3700633200 /* silence.mp3 */ = {isa = PBXFileReference; lastKnownFileType = audio.mp3; path = silence.mp3; sourceTree = "<group>"; };
		E191C9B71EBEB27500F715E7 /* VerbType.swift */ = {isa = PBXFileReference; fileEncoding = 4; lastKnownFileType = sourcecode.swift; path = VerbType.swift; sourceTree = "<group>"; };
		E19382011F082257005268FF /* BrowseInfoVC.swift */ = {isa = PBXFileReference; lastKnownFileType = sourcecode.swift; path = BrowseInfoVC.swift; sourceTree = "<group>"; };
		E19382031F0822B2005268FF /* InfoVC.swift */ = {isa = PBXFileReference; lastKnownFileType = sourcecode.swift; path = InfoVC.swift; sourceTree = "<group>"; };
		E19382051F0829F6005268FF /* InfoCell.swift */ = {isa = PBXFileReference; lastKnownFileType = sourcecode.swift; path = InfoCell.swift; sourceTree = "<group>"; };
		E19794332073D0C90015D490 /* gun.mp3 */ = {isa = PBXFileReference; lastKnownFileType = audio.mp3; path = gun.mp3; sourceTree = "<group>"; };
		E198F9011F5D79F100BAF553 /* VerbViewTests.swift */ = {isa = PBXFileReference; lastKnownFileType = sourcecode.swift; path = VerbViewTests.swift; sourceTree = "<group>"; };
		E198F9041F5D7CB200BAF553 /* ConjugatorTests.swift */ = {isa = PBXFileReference; lastKnownFileType = sourcecode.swift; path = ConjugatorTests.swift; sourceTree = "<group>"; };
		E1A44313200D10D200C48857 /* ConjugationDataSource.swift */ = {isa = PBXFileReference; lastKnownFileType = sourcecode.swift; path = ConjugationDataSource.swift; sourceTree = "<group>"; };
		E1A789761F00751D0006CA77 /* IntExtension.swift */ = {isa = PBXFileReference; fileEncoding = 4; lastKnownFileType = sourcecode.swift; path = IntExtension.swift; sourceTree = "<group>"; };
		E1AB244E1F083CB300FE76E8 /* Info.swift */ = {isa = PBXFileReference; lastKnownFileType = sourcecode.swift; path = Info.swift; sourceTree = "<group>"; };
		E1D1D8F71F33732D006A6052 /* QuizView.swift */ = {isa = PBXFileReference; lastKnownFileType = sourcecode.swift; path = QuizView.swift; sourceTree = "<group>"; };
		E1EC70F02198A10B00872787 /* UIViewControllerExtension.swift */ = {isa = PBXFileReference; lastKnownFileType = sourcecode.swift; path = UIViewControllerExtension.swift; sourceTree = "<group>"; };
		E1EC70F32198A63600872787 /* AWSCore.framework */ = {isa = PBXFileReference; lastKnownFileType = wrapper.framework; path = AWSCore.framework; sourceTree = "<group>"; };
		E1EC70F42198A63700872787 /* AWSPinpoint.framework */ = {isa = PBXFileReference; lastKnownFileType = wrapper.framework; path = AWSPinpoint.framework; sourceTree = "<group>"; };
		E1EC70FC2198BA0D00872787 /* awsconfiguration.json */ = {isa = PBXFileReference; fileEncoding = 4; lastKnownFileType = text.json; path = awsconfiguration.json; sourceTree = SOURCE_ROOT; };
		E1EC70FF2198BA6300872787 /* AWSAnalyticsService.swift */ = {isa = PBXFileReference; fileEncoding = 4; lastKnownFileType = sourcecode.swift; path = AWSAnalyticsService.swift; sourceTree = "<group>"; };
		E1EC71022198BA8A00872787 /* DeviceUtility.swift */ = {isa = PBXFileReference; fileEncoding = 4; lastKnownFileType = sourcecode.swift; path = DeviceUtility.swift; sourceTree = "<group>"; };
		E1F06AD41E8F05F300ADD2E1 /* Conjugar.app */ = {isa = PBXFileReference; explicitFileType = wrapper.application; includeInIndex = 0; path = Conjugar.app; sourceTree = BUILT_PRODUCTS_DIR; };
		E1F06AD71E8F05F300ADD2E1 /* AppDelegate.swift */ = {isa = PBXFileReference; lastKnownFileType = sourcecode.swift; lineEnding = 0; path = AppDelegate.swift; sourceTree = "<group>"; xcLanguageSpecificationIdentifier = xcode.lang.swift; };
		E1F06AD91E8F05F300ADD2E1 /* BrowseVerbsVC.swift */ = {isa = PBXFileReference; lastKnownFileType = sourcecode.swift; path = BrowseVerbsVC.swift; sourceTree = "<group>"; };
		E1F06AE11E8F05F300ADD2E1 /* Base */ = {isa = PBXFileReference; lastKnownFileType = file.storyboard; name = Base; path = Base.lproj/LaunchScreen.storyboard; sourceTree = "<group>"; };
		E1F06AE31E8F05F300ADD2E1 /* Info.plist */ = {isa = PBXFileReference; lastKnownFileType = text.plist.xml; path = Info.plist; sourceTree = "<group>"; };
		E1F06AE81E8F05F400ADD2E1 /* ConjugarTests.xctest */ = {isa = PBXFileReference; explicitFileType = wrapper.cfbundle; includeInIndex = 0; path = ConjugarTests.xctest; sourceTree = BUILT_PRODUCTS_DIR; };
		E1F06AEC1E8F05F400ADD2E1 /* MainTabBarVCTests.swift */ = {isa = PBXFileReference; lastKnownFileType = sourcecode.swift; path = MainTabBarVCTests.swift; sourceTree = "<group>"; };
		E1F06AEE1E8F05F400ADD2E1 /* Info.plist */ = {isa = PBXFileReference; lastKnownFileType = text.plist.xml; path = Info.plist; sourceTree = "<group>"; };
		E1F06AF71E8F081700ADD2E1 /* Conjugator.swift */ = {isa = PBXFileReference; fileEncoding = 4; lastKnownFileType = sourcecode.swift; lineEnding = 0; path = Conjugator.swift; sourceTree = "<group>"; xcLanguageSpecificationIdentifier = xcode.lang.swift; };
		E1F06AFA1E8F087000ADD2E1 /* Region.swift */ = {isa = PBXFileReference; fileEncoding = 4; lastKnownFileType = sourcecode.swift; path = Region.swift; sourceTree = "<group>"; };
		E1F06AFC1E8F08D500ADD2E1 /* Tense.swift */ = {isa = PBXFileReference; fileEncoding = 4; lastKnownFileType = sourcecode.swift; path = Tense.swift; sourceTree = "<group>"; };
		E1F06B001E8F0C5A00ADD2E1 /* PersonNumber.swift */ = {isa = PBXFileReference; fileEncoding = 4; lastKnownFileType = sourcecode.swift; lineEnding = 0; path = PersonNumber.swift; sourceTree = "<group>"; xcLanguageSpecificationIdentifier = xcode.lang.swift; };
		E1F06B031E8F0E9300ADD2E1 /* Result.swift */ = {isa = PBXFileReference; fileEncoding = 4; lastKnownFileType = sourcecode.swift; path = Result.swift; sourceTree = "<group>"; };
		E1F06B051E8F0EA300ADD2E1 /* ResultProtocol.swift */ = {isa = PBXFileReference; fileEncoding = 4; lastKnownFileType = sourcecode.swift; lineEnding = 0; path = ResultProtocol.swift; sourceTree = "<group>"; xcLanguageSpecificationIdentifier = xcode.lang.swift; };
		E1F289A61F30C666006B3C3E /* SettingsView.swift */ = {isa = PBXFileReference; lastKnownFileType = sourcecode.swift; path = SettingsView.swift; sourceTree = "<group>"; };
/* End PBXFileReference section */

/* Begin PBXFrameworksBuildPhase section */
		E1F06AD11E8F05F200ADD2E1 /* Frameworks */ = {
			isa = PBXFrameworksBuildPhase;
			buildActionMask = 2147483647;
			files = (
				E14271371F01CA98001D19E1 /* GameKit.framework in Frameworks */,
				E1EC70F52198A63700872787 /* AWSCore.framework in Frameworks */,
				E1EC70F72198A63700872787 /* AWSPinpoint.framework in Frameworks */,
			);
			runOnlyForDeploymentPostprocessing = 0;
		};
		E1F06AE51E8F05F400ADD2E1 /* Frameworks */ = {
			isa = PBXFrameworksBuildPhase;
			buildActionMask = 2147483647;
			files = (
			);
			runOnlyForDeploymentPostprocessing = 0;
		};
/* End PBXFrameworksBuildPhase section */

/* Begin PBXGroup section */
		E107B08C1EB66E16004C5E91 /* Views */ = {
			isa = PBXGroup;
			children = (
				E18145D71F2E3E170048DEE2 /* BrowseInfoView.swift */,
				E18010771F1BCA0800E8608C /* BrowseVerbsView.swift */,
				E14566BD1EC001FD00C16DC3 /* ConjugationCell.swift */,
				E19382051F0829F6005268FF /* InfoCell.swift */,
				E18145D91F2E43630048DEE2 /* InfoView.swift */,
				E1D1D8F71F33732D006A6052 /* QuizView.swift */,
				E14BAD931F006423000D91C5 /* ResultCell.swift */,
				E12FCBED1F391CDA0076AFF1 /* ResultsView.swift */,
				E1F289A61F30C666006B3C3E /* SettingsView.swift */,
				E14566BB1EC001ED00C16DC3 /* TenseCell.swift */,
				E1151E541E9C5D9C00DE44D6 /* VerbCell.swift */,
				E18D5FA61F1EFD2700313113 /* VerbView.swift */,
			);
			name = Views;
			sourceTree = "<group>";
		};
		E107B08D1EB66E26004C5E91 /* Controllers */ = {
			isa = PBXGroup;
			children = (
				E19382011F082257005268FF /* BrowseInfoVC.swift */,
				E1F06AD91E8F05F300ADD2E1 /* BrowseVerbsVC.swift */,
				E19382031F0822B2005268FF /* InfoVC.swift */,
				E1201A031F1AB99F00BCB27D /* MainTabBarVC.swift */,
				E1483FBA1EF6F82A0052C436 /* QuizVC.swift */,
				E14BAD911F0049AF000D91C5 /* ResultsVC.swift */,
				E14BAD8F1EFF1473000D91C5 /* SettingsVC.swift */,
				E1151E561E9C610100DE44D6 /* VerbVC.swift */,
			);
			name = Controllers;
			sourceTree = "<group>";
		};
		E107B08E1EB66E64004C5E91 /* Utils */ = {
			isa = PBXGroup;
			children = (
				E139E0E51EC7D36200B34DE7 /* Colors.swift */,
				E16BEA031F09BCC70053DD32 /* Fonts.swift */,
				E14271381F01EFF2001D19E1 /* GameCenterManager.swift */,
				E1171C9421ACC02200B06342 /* GameCenterManageable.swift */,
				E1A789761F00751D0006CA77 /* IntExtension.swift */,
				E15E63F51F3A29880083DB4B /* Layout.swift */,
				E139E0DF1EC7D27A00B34DE7 /* NSAttributedStringExtension.swift */,
				E11CFED01FC2083900BD3568 /* NSLayoutConstraintExtension.swift */,
				E188B55F21AF78CE009777D8 /* ReviewPromptable.swift */,
				E118CA271FFFD07400612D71 /* ReviewPrompter.swift */,
				E151222C21A0DBB0008EF307 /* Settings.swift */,
				E18F7F391ECA7DA700633200 /* SoundPlayer.swift */,
				E139E0E31EC7D2E500B34DE7 /* StringExtensions.swift */,
				E168865221ADA020005B8636 /* TestGameCenterManager.swift */,
				E188B56121AF7920009777D8 /* TestReviewPrompter.swift */,
				E182F8D11F48AA1400D4569E /* UIAlertControllerExtension.swift */,
				E1483FC31EF7510F0052C436 /* UIApplicationExtension.swift */,
				E18145DB1F2E49B20048DEE2 /* UILabelExtension.swift */,
				E10178011F3F753400F0BC97 /* UIViewExtensions.swift */,
				E1EC70F02198A10B00872787 /* UIViewControllerExtension.swift */,
				E18F7F371ECA7C9A00633200 /* Utterer.swift */,
			);
			name = Utils;
			sourceTree = "<group>";
		};
		E107B08F1EB66E7C004C5E91 /* Supporting */ = {
			isa = PBXGroup;
			children = (
				E1F06AD71E8F05F300ADD2E1 /* AppDelegate.swift */,
				E1F06AE31E8F05F300ADD2E1 /* Info.plist */,
				E1F06AE01E8F05F300ADD2E1 /* LaunchScreen.storyboard */,
			);
			name = Supporting;
			sourceTree = "<group>";
		};
		E107B0901EB66E9F004C5E91 /* Assets */ = {
			isa = PBXGroup;
			children = (
				E1483FBC1EF746C40052C436 /* Sounds */,
				E1483FAC1EF5A2200052C436 /* Assets.xcassets */,
			);
			name = Assets;
			sourceTree = "<group>";
		};
		E14271351F01CA98001D19E1 /* Frameworks */ = {
			isa = PBXGroup;
			children = (
				E14271361F01CA98001D19E1 /* GameKit.framework */,
			);
			name = Frameworks;
			sourceTree = "<group>";
		};
		E1483FBC1EF746C40052C436 /* Sounds */ = {
			isa = PBXGroup;
			children = (
				E1483FC51EF89C710052C436 /* applause1.mp3 */,
				E1483FC61EF89C710052C436 /* applause2.mp3 */,
				E1483FC71EF89C710052C436 /* applause3.mp3 */,
				E1483FCD1EF89DAD0052C436 /* buzz.mp3 */,
				E1483FBE1EF746D70052C436 /* chime.mp3 */,
				E1483FCB1EF89D4E0052C436 /* chirp.mp3 */,
				E19794332073D0C90015D490 /* gun.mp3 */,
				E11CE1011F48867400E74E10 /* sadTrombone.mp3 */,
				E18F7F3D1ECA7E3700633200 /* silence.mp3 */,
			);
			name = Sounds;
			sourceTree = "<group>";
		};
		E151222F21A62AA9008EF307 /* Utils */ = {
			isa = PBXGroup;
			children = (
				E151223021A62AE9008EF307 /* ReviewPrompterTests.swift */,
			);
			path = Utils;
			sourceTree = "<group>";
		};
		E15D3BED1F532E8E003771BB /* Controllers */ = {
			isa = PBXGroup;
			children = (
				E1F06AEC1E8F05F400ADD2E1 /* MainTabBarVCTests.swift */,
				E15D3BF01F532F4E003771BB /* BrowseVerbsVCTests.swift */,
				E14589F31F5B7BB000EEF141 /* BrowseInfoVCTests.swift */,
				E14589F51F5B7E9D00EEF141 /* VerbVCTests.swift */,
			);
			path = Controllers;
			sourceTree = "<group>";
		};
		E15D3BF41F53397A003771BB /* Helpers */ = {
			isa = PBXGroup;
			children = (
				E15D3BF51F533997003771BB /* MockNavigationC.swift */,
			);
			path = Helpers;
			sourceTree = "<group>";
		};
		E198F9001F5D79BA00BAF553 /* Views */ = {
			isa = PBXGroup;
			children = (
				E198F9011F5D79F100BAF553 /* VerbViewTests.swift */,
				E12D06A21F5E85A200CDD54E /* VerbCellTests.swift */,
			);
			path = Views;
			sourceTree = "<group>";
		};
		E198F9031F5D7C6B00BAF553 /* Models */ = {
			isa = PBXGroup;
			children = (
				E198F9041F5D7CB200BAF553 /* ConjugatorTests.swift */,
			);
			path = Models;
			sourceTree = "<group>";
		};
		E1EC70FB2198B9D900872787 /* Analytics */ = {
			isa = PBXGroup;
			children = (
				E1171C9021AA1BF000B06342 /* AnalyticsService.swift */,
				E1EC70FF2198BA6300872787 /* AWSAnalyticsService.swift */,
				E1EC70FC2198BA0D00872787 /* awsconfiguration.json */,
				E1EC71022198BA8A00872787 /* DeviceUtility.swift */,
				E1171C9221AB387500B06342 /* TestAnalyticsService.swift */,
			);
			name = Analytics;
			sourceTree = "<group>";
		};
		E1F06ACB1E8F05F200ADD2E1 = {
			isa = PBXGroup;
			children = (
				E1F06AD61E8F05F300ADD2E1 /* Conjugar */,
				E1F06AEB1E8F05F400ADD2E1 /* ConjugarTests */,
				E1F06AD51E8F05F300ADD2E1 /* Products */,
				E14271351F01CA98001D19E1 /* Frameworks */,
				E1EC70F32198A63600872787 /* AWSCore.framework */,
				E1EC70F42198A63700872787 /* AWSPinpoint.framework */,
			);
			sourceTree = "<group>";
		};
		E1F06AD51E8F05F300ADD2E1 /* Products */ = {
			isa = PBXGroup;
			children = (
				E1F06AD41E8F05F300ADD2E1 /* Conjugar.app */,
				E1F06AE81E8F05F400ADD2E1 /* ConjugarTests.xctest */,
			);
			name = Products;
			sourceTree = "<group>";
		};
		E1F06AD61E8F05F300ADD2E1 /* Conjugar */ = {
			isa = PBXGroup;
			children = (
				E1EC70FB2198B9D900872787 /* Analytics */,
				E107B0901EB66E9F004C5E91 /* Assets */,
				E107B08D1EB66E26004C5E91 /* Controllers */,
				E1F06AF91E8F085500ADD2E1 /* Models */,
				E107B08F1EB66E7C004C5E91 /* Supporting */,
				E1F06B021E8F0E7F00ADD2E1 /* Third Party */,
				E107B08E1EB66E64004C5E91 /* Utils */,
				E107B08C1EB66E16004C5E91 /* Views */,
			);
			path = Conjugar;
			sourceTree = "<group>";
		};
		E1F06AEB1E8F05F400ADD2E1 /* ConjugarTests */ = {
			isa = PBXGroup;
			children = (
				E15D3BED1F532E8E003771BB /* Controllers */,
				E15D3BF41F53397A003771BB /* Helpers */,
				E198F9031F5D7C6B00BAF553 /* Models */,
				E151222F21A62AA9008EF307 /* Utils */,
				E198F9001F5D79BA00BAF553 /* Views */,
				E1F06AEE1E8F05F400ADD2E1 /* Info.plist */,
			);
			path = ConjugarTests;
			sourceTree = "<group>";
		};
		E1F06AF91E8F085500ADD2E1 /* Models */ = {
			isa = PBXGroup;
			children = (
				E1151E521E9AEDF100DE44D6 /* AuxiliaryError.swift */,
				E1483FCF1EF961880052C436 /* ConjugationComparison.swift */,
				E1F06AF71E8F081700ADD2E1 /* Conjugator.swift */,
				E1A44313200D10D200C48857 /* ConjugationDataSource.swift */,
				E15A18521E9199C3008455DD /* ConjugatorError.swift */,
				E1483FB01EF5C4C60052C436 /* Difficulty.swift */,
				E1AB244E1F083CB300FE76E8 /* Info.swift */,
				E16BEA051F0A92040053DD32 /* InfoDelegate.swift */,
				E1F06B001E8F0C5A00ADD2E1 /* PersonNumber.swift */,
				E1483FAE1EF5C3820052C436 /* Quiz.swift */,
				E1483FB21EF5CF650052C436 /* QuizState.swift */,
				E1483FB41EF5D0510052C436 /* QuizDelegate.swift */,
				E1F06AFA1E8F087000ADD2E1 /* Region.swift */,
				E11BC174200433AC00494504 /* SecondSingularBrowse.swift */,
				E11BC1722004335B00494504 /* SecondSingularQuiz.swift */,
				E18F7F3B1ECA7DF000633200 /* Sound.swift */,
				E1F06AFC1E8F08D500ADD2E1 /* Tense.swift */,
				E115CA381EEC962700DBBD44 /* VerbFamilies.swift */,
				E107B0911EB66F28004C5E91 /* VerbParser.swift */,
				E107B08A1EB66CE6004C5E91 /* verbs.xml */,
				E191C9B71EBEB27500F715E7 /* VerbType.swift */,
			);
			name = Models;
			sourceTree = "<group>";
		};
		E1F06B021E8F0E7F00ADD2E1 /* Third Party */ = {
			isa = PBXGroup;
			children = (
				E1F06B031E8F0E9300ADD2E1 /* Result.swift */,
				E1F06B051E8F0EA300ADD2E1 /* ResultProtocol.swift */,
			);
			name = "Third Party";
			sourceTree = "<group>";
		};
/* End PBXGroup section */

/* Begin PBXNativeTarget section */
		E1F06AD31E8F05F200ADD2E1 /* Conjugar */ = {
			isa = PBXNativeTarget;
			buildConfigurationList = E1F06AF11E8F05F400ADD2E1 /* Build configuration list for PBXNativeTarget "Conjugar" */;
			buildPhases = (
				E1F06AD01E8F05F200ADD2E1 /* Sources */,
				E1F06AD11E8F05F200ADD2E1 /* Frameworks */,
				E1F06AD21E8F05F200ADD2E1 /* Resources */,
				E1EC70F92198A63700872787 /* Embed Frameworks */,
				E1EC70FA2198A6A800872787 /* Pinpoint Hocus Pocus */,
				E1171C8F21A9A4AD00B06342 /* Run SwiftLint */,
			);
			buildRules = (
			);
			dependencies = (
			);
			name = Conjugar;
			productName = Conjugar;
			productReference = E1F06AD41E8F05F300ADD2E1 /* Conjugar.app */;
			productType = "com.apple.product-type.application";
		};
		E1F06AE71E8F05F400ADD2E1 /* ConjugarTests */ = {
			isa = PBXNativeTarget;
			buildConfigurationList = E1F06AF41E8F05F400ADD2E1 /* Build configuration list for PBXNativeTarget "ConjugarTests" */;
			buildPhases = (
				E1F06AE41E8F05F400ADD2E1 /* Sources */,
				E1F06AE51E8F05F400ADD2E1 /* Frameworks */,
				E1F06AE61E8F05F400ADD2E1 /* Resources */,
			);
			buildRules = (
			);
			dependencies = (
				E1F06AEA1E8F05F400ADD2E1 /* PBXTargetDependency */,
			);
			name = ConjugarTests;
			productName = ConjugarTests;
			productReference = E1F06AE81E8F05F400ADD2E1 /* ConjugarTests.xctest */;
			productType = "com.apple.product-type.bundle.unit-test";
		};
/* End PBXNativeTarget section */

/* Begin PBXProject section */
		E1F06ACC1E8F05F200ADD2E1 /* Project object */ = {
			isa = PBXProject;
			attributes = {
				LastSwiftUpdateCheck = 0820;
				LastUpgradeCheck = 0930;
				ORGANIZATIONNAME = "Josh Adams";
				TargetAttributes = {
					E1F06AD31E8F05F200ADD2E1 = {
						CreatedOnToolsVersion = 8.2.1;
						DevelopmentTeam = V3L2PL4QC9;
						LastSwiftMigration = 0900;
						ProvisioningStyle = Automatic;
					};
					E1F06AE71E8F05F400ADD2E1 = {
						CreatedOnToolsVersion = 8.2.1;
						DevelopmentTeam = V3L2PL4QC9;
						LastSwiftMigration = 0900;
						ProvisioningStyle = Automatic;
						TestTargetID = E1F06AD31E8F05F200ADD2E1;
					};
				};
			};
			buildConfigurationList = E1F06ACF1E8F05F200ADD2E1 /* Build configuration list for PBXProject "Conjugar" */;
			compatibilityVersion = "Xcode 3.2";
			developmentRegion = English;
			hasScannedForEncodings = 0;
			knownRegions = (
				en,
				Base,
			);
			mainGroup = E1F06ACB1E8F05F200ADD2E1;
			productRefGroup = E1F06AD51E8F05F300ADD2E1 /* Products */;
			projectDirPath = "";
			projectRoot = "";
			targets = (
				E1F06AD31E8F05F200ADD2E1 /* Conjugar */,
				E1F06AE71E8F05F400ADD2E1 /* ConjugarTests */,
			);
		};
/* End PBXProject section */

/* Begin PBXResourcesBuildPhase section */
		E1F06AD21E8F05F200ADD2E1 /* Resources */ = {
			isa = PBXResourcesBuildPhase;
			buildActionMask = 2147483647;
			files = (
				E1483FC01EF746D70052C436 /* chime.mp3 in Resources */,
				E18F7F3E1ECA7E3700633200 /* silence.mp3 in Resources */,
				E1EC70FD2198BA0D00872787 /* awsconfiguration.json in Resources */,
				E1F06AE21E8F05F300ADD2E1 /* LaunchScreen.storyboard in Resources */,
				E19794342073D0C90015D490 /* gun.mp3 in Resources */,
				E107B08B1EB66CE6004C5E91 /* verbs.xml in Resources */,
				E1483FCC1EF89D4E0052C436 /* chirp.mp3 in Resources */,
				E1483FC91EF89C710052C436 /* applause2.mp3 in Resources */,
				E11CE1021F48867400E74E10 /* sadTrombone.mp3 in Resources */,
				E1483FAD1EF5A2200052C436 /* Assets.xcassets in Resources */,
				E1483FC81EF89C710052C436 /* applause1.mp3 in Resources */,
				E1483FCA1EF89C710052C436 /* applause3.mp3 in Resources */,
				E1483FCE1EF89DAD0052C436 /* buzz.mp3 in Resources */,
			);
			runOnlyForDeploymentPostprocessing = 0;
		};
		E1F06AE61E8F05F400ADD2E1 /* Resources */ = {
			isa = PBXResourcesBuildPhase;
			buildActionMask = 2147483647;
			files = (
			);
			runOnlyForDeploymentPostprocessing = 0;
		};
/* End PBXResourcesBuildPhase section */

/* Begin PBXShellScriptBuildPhase section */
		E1171C8F21A9A4AD00B06342 /* Run SwiftLint */ = {
			isa = PBXShellScriptBuildPhase;
			buildActionMask = 2147483647;
			files = (
			);
			inputFileListPaths = (
			);
			inputPaths = (
			);
			name = "Run SwiftLint";
			outputFileListPaths = (
			);
			outputPaths = (
			);
			runOnlyForDeploymentPostprocessing = 0;
			shellPath = /bin/sh;
			shellScript = "if which swiftlint >/dev/null; then\nswiftlint\nelse\necho \"warning: SwiftLint not installed, download from https://github.com/realm/SwiftLint\"\nfi\n";
		};
		E1EC70FA2198A6A800872787 /* Pinpoint Hocus Pocus */ = {
			isa = PBXShellScriptBuildPhase;
			buildActionMask = 2147483647;
			files = (
			);
			inputFileListPaths = (
			);
			inputPaths = (
			);
			name = "Pinpoint Hocus Pocus";
			outputFileListPaths = (
			);
			outputPaths = (
			);
			runOnlyForDeploymentPostprocessing = 0;
			shellPath = /bin/sh;
			shellScript = "bash \"${BUILT_PRODUCTS_DIR}/${FRAMEWORKS_FOLDER_PATH}/AWSCore.framework/strip-frameworks.sh\"\n";
		};
/* End PBXShellScriptBuildPhase section */

/* Begin PBXSourcesBuildPhase section */
		E1F06AD01E8F05F200ADD2E1 /* Sources */ = {
			isa = PBXSourcesBuildPhase;
			buildActionMask = 2147483647;
			files = (
				E11BC175200433AC00494504 /* SecondSingularBrowse.swift in Sources */,
				E18010781F1BCA0800E8608C /* BrowseVerbsView.swift in Sources */,
				E14BAD941F006423000D91C5 /* ResultCell.swift in Sources */,
				E168865321ADA020005B8636 /* TestGameCenterManager.swift in Sources */,
				E18F7F3C1ECA7DF000633200 /* Sound.swift in Sources */,
				E18D5FA71F1EFD2700313113 /* VerbView.swift in Sources */,
				E1151E551E9C5D9C00DE44D6 /* VerbCell.swift in Sources */,
				E18145DA1F2E43630048DEE2 /* InfoView.swift in Sources */,
				E139E0E61EC7D36200B34DE7 /* Colors.swift in Sources */,
				E1151E531E9AEDF100DE44D6 /* AuxiliaryError.swift in Sources */,
				E1F06AF81E8F081700ADD2E1 /* Conjugator.swift in Sources */,
				E1483FC41EF7510F0052C436 /* UIApplicationExtension.swift in Sources */,
				E10178021F3F753400F0BC97 /* UIViewExtensions.swift in Sources */,
				E182F8D21F48AA1400D4569E /* UIAlertControllerExtension.swift in Sources */,
				E16BEA061F0A92040053DD32 /* InfoDelegate.swift in Sources */,
				E1F06AFD1E8F08D500ADD2E1 /* Tense.swift in Sources */,
				E14566BE1EC001FD00C16DC3 /* ConjugationCell.swift in Sources */,
				E1483FB11EF5C4C60052C436 /* Difficulty.swift in Sources */,
				E1171C9321AB387500B06342 /* TestAnalyticsService.swift in Sources */,
				E1EC70F12198A10B00872787 /* UIViewControllerExtension.swift in Sources */,
				E11BC1732004335B00494504 /* SecondSingularQuiz.swift in Sources */,
				E15A18531E9199C3008455DD /* ConjugatorError.swift in Sources */,
				E1F06ADA1E8F05F300ADD2E1 /* BrowseVerbsVC.swift in Sources */,
				E1D1D8F81F33732D006A6052 /* QuizView.swift in Sources */,
				E1F06B011E8F0C5A00ADD2E1 /* PersonNumber.swift in Sources */,
				E1EC71012198BA6400872787 /* AWSAnalyticsService.swift in Sources */,
				E188B56021AF78CE009777D8 /* ReviewPromptable.swift in Sources */,
				E19382041F0822B2005268FF /* InfoVC.swift in Sources */,
				E14271391F01EFF2001D19E1 /* GameCenterManager.swift in Sources */,
				E18F7F3A1ECA7DA700633200 /* SoundPlayer.swift in Sources */,
				E107B0921EB66F28004C5E91 /* VerbParser.swift in Sources */,
				E11CFED11FC2083900BD3568 /* NSLayoutConstraintExtension.swift in Sources */,
				E18F7F381ECA7C9A00633200 /* Utterer.swift in Sources */,
				E1483FB51EF5D0510052C436 /* QuizDelegate.swift in Sources */,
				E18145D81F2E3E170048DEE2 /* BrowseInfoView.swift in Sources */,
				E139E0E01EC7D27A00B34DE7 /* NSAttributedStringExtension.swift in Sources */,
				E1483FAF1EF5C3820052C436 /* Quiz.swift in Sources */,
				E1483FD01EF961880052C436 /* ConjugationComparison.swift in Sources */,
				E191C9B81EBEB27500F715E7 /* VerbType.swift in Sources */,
				E14BAD921F0049AF000D91C5 /* ResultsVC.swift in Sources */,
				E14BAD901EFF1474000D91C5 /* SettingsVC.swift in Sources */,
				E12FCBEE1F391CDA0076AFF1 /* ResultsView.swift in Sources */,
				E1AB244F1F083CB300FE76E8 /* Info.swift in Sources */,
				E19382061F0829F6005268FF /* InfoCell.swift in Sources */,
				E14566BC1EC001ED00C16DC3 /* TenseCell.swift in Sources */,
				E118CA281FFFD07400612D71 /* ReviewPrompter.swift in Sources */,
				E1201A041F1AB99F00BCB27D /* MainTabBarVC.swift in Sources */,
				E1483FBB1EF6F82A0052C436 /* QuizVC.swift in Sources */,
				E1A44314200D10D200C48857 /* ConjugationDataSource.swift in Sources */,
				E1171C9521ACC02200B06342 /* GameCenterManageable.swift in Sources */,
				E115CA391EEC962700DBBD44 /* VerbFamilies.swift in Sources */,
				E15E63F61F3A29890083DB4B /* Layout.swift in Sources */,
				E1F289A71F30C666006B3C3E /* SettingsView.swift in Sources */,
				E1F06B061E8F0EA300ADD2E1 /* ResultProtocol.swift in Sources */,
				E1F06AD81E8F05F300ADD2E1 /* AppDelegate.swift in Sources */,
				E151222D21A0DBB0008EF307 /* Settings.swift in Sources */,
				E16BEA041F09BCC70053DD32 /* Fonts.swift in Sources */,
				E18145DC1F2E49B20048DEE2 /* UILabelExtension.swift in Sources */,
				E1F06B041E8F0E9300ADD2E1 /* Result.swift in Sources */,
				E1F06AFB1E8F087000ADD2E1 /* Region.swift in Sources */,
				E1A789771F00751D0006CA77 /* IntExtension.swift in Sources */,
				E1151E571E9C610100DE44D6 /* VerbVC.swift in Sources */,
				E1483FB31EF5CF650052C436 /* QuizState.swift in Sources */,
				E1171C9121AA1BF000B06342 /* AnalyticsService.swift in Sources */,
				E1EC71032198BA8A00872787 /* DeviceUtility.swift in Sources */,
				E139E0E41EC7D2E500B34DE7 /* StringExtensions.swift in Sources */,
				E188B56221AF7920009777D8 /* TestReviewPrompter.swift in Sources */,
				E19382021F082257005268FF /* BrowseInfoVC.swift in Sources */,
			);
			runOnlyForDeploymentPostprocessing = 0;
		};
		E1F06AE41E8F05F400ADD2E1 /* Sources */ = {
			isa = PBXSourcesBuildPhase;
			buildActionMask = 2147483647;
			files = (
				E12D06A31F5E85A200CDD54E /* VerbCellTests.swift in Sources */,
				E151223121A62AE9008EF307 /* ReviewPrompterTests.swift in Sources */,
				E198F9051F5D7CB200BAF553 /* ConjugatorTests.swift in Sources */,
				E1EC70F22198A10B00872787 /* UIViewControllerExtension.swift in Sources */,
				E14589F41F5B7BB000EEF141 /* BrowseInfoVCTests.swift in Sources */,
				E14589F61F5B7E9D00EEF141 /* VerbVCTests.swift in Sources */,
				E15D3BF61F533997003771BB /* MockNavigationC.swift in Sources */,
				E198F9021F5D79F100BAF553 /* VerbViewTests.swift in Sources */,
				E1F06AED1E8F05F400ADD2E1 /* MainTabBarVCTests.swift in Sources */,
				E15D3BF11F532F4E003771BB /* BrowseVerbsVCTests.swift in Sources */,
			);
			runOnlyForDeploymentPostprocessing = 0;
		};
/* End PBXSourcesBuildPhase section */

/* Begin PBXTargetDependency section */
		E1F06AEA1E8F05F400ADD2E1 /* PBXTargetDependency */ = {
			isa = PBXTargetDependency;
			target = E1F06AD31E8F05F200ADD2E1 /* Conjugar */;
			targetProxy = E1F06AE91E8F05F400ADD2E1 /* PBXContainerItemProxy */;
		};
/* End PBXTargetDependency section */

/* Begin PBXVariantGroup section */
		E1F06AE01E8F05F300ADD2E1 /* LaunchScreen.storyboard */ = {
			isa = PBXVariantGroup;
			children = (
				E1F06AE11E8F05F300ADD2E1 /* Base */,
			);
			name = LaunchScreen.storyboard;
			sourceTree = "<group>";
		};
/* End PBXVariantGroup section */

/* Begin XCBuildConfiguration section */
		E1F06AEF1E8F05F400ADD2E1 /* Debug */ = {
			isa = XCBuildConfiguration;
			buildSettings = {
				ALWAYS_SEARCH_USER_PATHS = NO;
				CLANG_ANALYZER_NONNULL = YES;
				CLANG_CXX_LANGUAGE_STANDARD = "gnu++0x";
				CLANG_CXX_LIBRARY = "libc++";
				CLANG_ENABLE_MODULES = YES;
				CLANG_ENABLE_OBJC_ARC = YES;
				CLANG_WARN_BLOCK_CAPTURE_AUTORELEASING = YES;
				CLANG_WARN_BOOL_CONVERSION = YES;
				CLANG_WARN_COMMA = YES;
				CLANG_WARN_CONSTANT_CONVERSION = YES;
				CLANG_WARN_DEPRECATED_OBJC_IMPLEMENTATIONS = YES;
				CLANG_WARN_DIRECT_OBJC_ISA_USAGE = YES_ERROR;
				CLANG_WARN_DOCUMENTATION_COMMENTS = YES;
				CLANG_WARN_EMPTY_BODY = YES;
				CLANG_WARN_ENUM_CONVERSION = YES;
				CLANG_WARN_INFINITE_RECURSION = YES;
				CLANG_WARN_INT_CONVERSION = YES;
				CLANG_WARN_NON_LITERAL_NULL_CONVERSION = YES;
				CLANG_WARN_OBJC_IMPLICIT_RETAIN_SELF = YES;
				CLANG_WARN_OBJC_LITERAL_CONVERSION = YES;
				CLANG_WARN_OBJC_ROOT_CLASS = YES_ERROR;
				CLANG_WARN_RANGE_LOOP_ANALYSIS = YES;
				CLANG_WARN_STRICT_PROTOTYPES = YES;
				CLANG_WARN_SUSPICIOUS_MOVE = YES;
				CLANG_WARN_UNREACHABLE_CODE = YES;
				CLANG_WARN__DUPLICATE_METHOD_MATCH = YES;
				"CODE_SIGN_IDENTITY[sdk=iphoneos*]" = "iPhone Developer";
				COPY_PHASE_STRIP = NO;
				DEBUG_INFORMATION_FORMAT = dwarf;
				ENABLE_STRICT_OBJC_MSGSEND = YES;
				ENABLE_TESTABILITY = YES;
				GCC_C_LANGUAGE_STANDARD = gnu99;
				GCC_DYNAMIC_NO_PIC = NO;
				GCC_NO_COMMON_BLOCKS = YES;
				GCC_OPTIMIZATION_LEVEL = 0;
				GCC_PREPROCESSOR_DEFINITIONS = (
					"DEBUG=1",
					"$(inherited)",
				);
				GCC_WARN_64_TO_32_BIT_CONVERSION = YES;
				GCC_WARN_ABOUT_RETURN_TYPE = YES_ERROR;
				GCC_WARN_UNDECLARED_SELECTOR = YES;
				GCC_WARN_UNINITIALIZED_AUTOS = YES_AGGRESSIVE;
				GCC_WARN_UNUSED_FUNCTION = YES;
				GCC_WARN_UNUSED_VARIABLE = YES;
				IPHONEOS_DEPLOYMENT_TARGET = 12.1;
				MTL_ENABLE_DEBUG_INFO = YES;
				ONLY_ACTIVE_ARCH = YES;
				SDKROOT = iphoneos;
				SWIFT_ACTIVE_COMPILATION_CONDITIONS = DEBUG;
				SWIFT_OPTIMIZATION_LEVEL = "-Onone";
				TARGETED_DEVICE_FAMILY = "1,2";
			};
			name = Debug;
		};
		E1F06AF01E8F05F400ADD2E1 /* Release */ = {
			isa = XCBuildConfiguration;
			buildSettings = {
				ALWAYS_SEARCH_USER_PATHS = NO;
				CLANG_ANALYZER_NONNULL = YES;
				CLANG_CXX_LANGUAGE_STANDARD = "gnu++0x";
				CLANG_CXX_LIBRARY = "libc++";
				CLANG_ENABLE_MODULES = YES;
				CLANG_ENABLE_OBJC_ARC = YES;
				CLANG_WARN_BLOCK_CAPTURE_AUTORELEASING = YES;
				CLANG_WARN_BOOL_CONVERSION = YES;
				CLANG_WARN_COMMA = YES;
				CLANG_WARN_CONSTANT_CONVERSION = YES;
				CLANG_WARN_DEPRECATED_OBJC_IMPLEMENTATIONS = YES;
				CLANG_WARN_DIRECT_OBJC_ISA_USAGE = YES_ERROR;
				CLANG_WARN_DOCUMENTATION_COMMENTS = YES;
				CLANG_WARN_EMPTY_BODY = YES;
				CLANG_WARN_ENUM_CONVERSION = YES;
				CLANG_WARN_INFINITE_RECURSION = YES;
				CLANG_WARN_INT_CONVERSION = YES;
				CLANG_WARN_NON_LITERAL_NULL_CONVERSION = YES;
				CLANG_WARN_OBJC_IMPLICIT_RETAIN_SELF = YES;
				CLANG_WARN_OBJC_LITERAL_CONVERSION = YES;
				CLANG_WARN_OBJC_ROOT_CLASS = YES_ERROR;
				CLANG_WARN_RANGE_LOOP_ANALYSIS = YES;
				CLANG_WARN_STRICT_PROTOTYPES = YES;
				CLANG_WARN_SUSPICIOUS_MOVE = YES;
				CLANG_WARN_UNREACHABLE_CODE = YES;
				CLANG_WARN__DUPLICATE_METHOD_MATCH = YES;
				"CODE_SIGN_IDENTITY[sdk=iphoneos*]" = "iPhone Developer";
				COPY_PHASE_STRIP = NO;
				DEBUG_INFORMATION_FORMAT = "dwarf-with-dsym";
				ENABLE_NS_ASSERTIONS = NO;
				ENABLE_STRICT_OBJC_MSGSEND = YES;
				GCC_C_LANGUAGE_STANDARD = gnu99;
				GCC_NO_COMMON_BLOCKS = YES;
				GCC_WARN_64_TO_32_BIT_CONVERSION = YES;
				GCC_WARN_ABOUT_RETURN_TYPE = YES_ERROR;
				GCC_WARN_UNDECLARED_SELECTOR = YES;
				GCC_WARN_UNINITIALIZED_AUTOS = YES_AGGRESSIVE;
				GCC_WARN_UNUSED_FUNCTION = YES;
				GCC_WARN_UNUSED_VARIABLE = YES;
				IPHONEOS_DEPLOYMENT_TARGET = 12.1;
				MTL_ENABLE_DEBUG_INFO = NO;
				SDKROOT = iphoneos;
				SWIFT_OPTIMIZATION_LEVEL = "-Owholemodule";
				TARGETED_DEVICE_FAMILY = "1,2";
				VALIDATE_PRODUCT = YES;
			};
			name = Release;
		};
		E1F06AF21E8F05F400ADD2E1 /* Debug */ = {
			isa = XCBuildConfiguration;
			buildSettings = {
				ASSETCATALOG_COMPILER_APPICON_NAME = AppIcon;
				DEVELOPMENT_TEAM = V3L2PL4QC9;
				FRAMEWORK_SEARCH_PATHS = (
					"$(inherited)",
					"$(PROJECT_DIR)",
				);
				INFOPLIST_FILE = Conjugar/Info.plist;
				IPHONEOS_DEPLOYMENT_TARGET = 12.1;
				LD_RUNPATH_SEARCH_PATHS = "$(inherited) @executable_path/Frameworks";
				PRODUCT_BUNDLE_IDENTIFIER = biz.joshadams.Conjugar;
				PRODUCT_NAME = "$(TARGET_NAME)";
				SWIFT_SWIFT3_OBJC_INFERENCE = Off;
				SWIFT_VERSION = 4.0;
				TARGETED_DEVICE_FAMILY = 1;
			};
			name = Debug;
		};
		E1F06AF31E8F05F400ADD2E1 /* Release */ = {
			isa = XCBuildConfiguration;
			buildSettings = {
				ASSETCATALOG_COMPILER_APPICON_NAME = AppIcon;
				DEVELOPMENT_TEAM = V3L2PL4QC9;
				FRAMEWORK_SEARCH_PATHS = (
					"$(inherited)",
					"$(PROJECT_DIR)",
				);
				INFOPLIST_FILE = Conjugar/Info.plist;
				IPHONEOS_DEPLOYMENT_TARGET = 12.1;
				LD_RUNPATH_SEARCH_PATHS = "$(inherited) @executable_path/Frameworks";
				PRODUCT_BUNDLE_IDENTIFIER = biz.joshadams.Conjugar;
				PRODUCT_NAME = "$(TARGET_NAME)";
				SWIFT_SWIFT3_OBJC_INFERENCE = Off;
				SWIFT_VERSION = 4.0;
				TARGETED_DEVICE_FAMILY = 1;
			};
			name = Release;
		};
		E1F06AF51E8F05F400ADD2E1 /* Debug */ = {
			isa = XCBuildConfiguration;
			buildSettings = {
				ALWAYS_EMBED_SWIFT_STANDARD_LIBRARIES = YES;
				BUNDLE_LOADER = "$(TEST_HOST)";
				DEVELOPMENT_TEAM = V3L2PL4QC9;
				INFOPLIST_FILE = ConjugarTests/Info.plist;
				LD_RUNPATH_SEARCH_PATHS = "$(inherited) @executable_path/Frameworks @loader_path/Frameworks";
				PRODUCT_BUNDLE_IDENTIFIER = biz.joshadams.ConjugarTests;
				PRODUCT_NAME = "$(TARGET_NAME)";
				SWIFT_SWIFT3_OBJC_INFERENCE = Off;
				SWIFT_VERSION = 4.0;
				TEST_HOST = "$(BUILT_PRODUCTS_DIR)/Conjugar.app/Conjugar";
			};
			name = Debug;
		};
		E1F06AF61E8F05F400ADD2E1 /* Release */ = {
			isa = XCBuildConfiguration;
			buildSettings = {
				ALWAYS_EMBED_SWIFT_STANDARD_LIBRARIES = YES;
				BUNDLE_LOADER = "$(TEST_HOST)";
				DEVELOPMENT_TEAM = V3L2PL4QC9;
				INFOPLIST_FILE = ConjugarTests/Info.plist;
				LD_RUNPATH_SEARCH_PATHS = "$(inherited) @executable_path/Frameworks @loader_path/Frameworks";
				PRODUCT_BUNDLE_IDENTIFIER = biz.joshadams.ConjugarTests;
				PRODUCT_NAME = "$(TARGET_NAME)";
				SWIFT_SWIFT3_OBJC_INFERENCE = Off;
				SWIFT_VERSION = 4.0;
				TEST_HOST = "$(BUILT_PRODUCTS_DIR)/Conjugar.app/Conjugar";
			};
			name = Release;
		};
/* End XCBuildConfiguration section */

/* Begin XCConfigurationList section */
		E1F06ACF1E8F05F200ADD2E1 /* Build configuration list for PBXProject "Conjugar" */ = {
			isa = XCConfigurationList;
			buildConfigurations = (
				E1F06AEF1E8F05F400ADD2E1 /* Debug */,
				E1F06AF01E8F05F400ADD2E1 /* Release */,
			);
			defaultConfigurationIsVisible = 0;
			defaultConfigurationName = Release;
		};
		E1F06AF11E8F05F400ADD2E1 /* Build configuration list for PBXNativeTarget "Conjugar" */ = {
			isa = XCConfigurationList;
			buildConfigurations = (
				E1F06AF21E8F05F400ADD2E1 /* Debug */,
				E1F06AF31E8F05F400ADD2E1 /* Release */,
			);
			defaultConfigurationIsVisible = 0;
			defaultConfigurationName = Release;
		};
		E1F06AF41E8F05F400ADD2E1 /* Build configuration list for PBXNativeTarget "ConjugarTests" */ = {
			isa = XCConfigurationList;
			buildConfigurations = (
				E1F06AF51E8F05F400ADD2E1 /* Debug */,
				E1F06AF61E8F05F400ADD2E1 /* Release */,
			);
			defaultConfigurationIsVisible = 0;
			defaultConfigurationName = Release;
		};
/* End XCConfigurationList section */
	};
	rootObject = E1F06ACC1E8F05F200ADD2E1 /* Project object */;
}
