// !$*UTF8*$!
{
	archiveVersion = 1;
	classes = {
	};
	objectVersion = 70;
	objects = {

/* Begin PBXBuildFile section */
		038A31ED2CFBEC150069E5D8 /* PrivacyInfo.xcprivacy in Resources */ = {isa = PBXBuildFile; fileRef = 038A31EC2CFBEC150069E5D8 /* PrivacyInfo.xcprivacy */; };
		03FF1748258C17E900BA447D /* CloudKit.framework in Frameworks */ = {isa = PBXBuildFile; fileRef = 03FF1747258C17E900BA447D /* CloudKit.framework */; };
		E11CE1021F48867400E74E10 /* sadTrombone.mp3 in Resources */ = {isa = PBXBuildFile; fileRef = E11CE1011F48867400E74E10 /* sadTrombone.mp3 */; };
		E14271371F01CA98001D19E1 /* GameKit.framework in Frameworks */ = {isa = PBXBuildFile; fileRef = E14271361F01CA98001D19E1 /* GameKit.framework */; };
		E1483FAD1EF5A2200052C436 /* Assets.xcassets in Resources */ = {isa = PBXBuildFile; fileRef = E1483FAC1EF5A2200052C436 /* Assets.xcassets */; };
		E1483FC01EF746D70052C436 /* chime.mp3 in Resources */ = {isa = PBXBuildFile; fileRef = E1483FBE1EF746D70052C436 /* chime.mp3 */; };
		E1483FC81EF89C710052C436 /* applause1.mp3 in Resources */ = {isa = PBXBuildFile; fileRef = E1483FC51EF89C710052C436 /* applause1.mp3 */; };
		E1483FC91EF89C710052C436 /* applause2.mp3 in Resources */ = {isa = PBXBuildFile; fileRef = E1483FC61EF89C710052C436 /* applause2.mp3 */; };
		E1483FCA1EF89C710052C436 /* applause3.mp3 in Resources */ = {isa = PBXBuildFile; fileRef = E1483FC71EF89C710052C436 /* applause3.mp3 */; };
		E1483FCC1EF89D4E0052C436 /* chirp.mp3 in Resources */ = {isa = PBXBuildFile; fileRef = E1483FCB1EF89D4E0052C436 /* chirp.mp3 */; };
		E1483FCE1EF89DAD0052C436 /* buzz.mp3 in Resources */ = {isa = PBXBuildFile; fileRef = E1483FCD1EF89DAD0052C436 /* buzz.mp3 */; };
		E18F7F3E1ECA7E3700633200 /* silence.mp3 in Resources */ = {isa = PBXBuildFile; fileRef = E18F7F3D1ECA7E3700633200 /* silence.mp3 */; };
		E19794342073D0C90015D490 /* gun.mp3 in Resources */ = {isa = PBXBuildFile; fileRef = E19794332073D0C90015D490 /* gun.mp3 */; };
		E1F06AE21E8F05F300ADD2E1 /* LaunchScreen.storyboard in Resources */ = {isa = PBXBuildFile; fileRef = E1F06AE01E8F05F300ADD2E1 /* LaunchScreen.storyboard */; };
/* End PBXBuildFile section */

/* Begin PBXContainerItemProxy section */
		E1F06AE91E8F05F400ADD2E1 /* PBXContainerItemProxy */ = {
			isa = PBXContainerItemProxy;
			containerPortal = E1F06ACC1E8F05F200ADD2E1 /* Project object */;
			proxyType = 1;
			remoteGlobalIDString = E1F06AD31E8F05F200ADD2E1;
			remoteInfo = Conjugar;
		};
/* End PBXContainerItemProxy section */

/* Begin PBXCopyFilesBuildPhase section */
		E1EC70F92198A63700872787 /* Embed Frameworks */ = {
			isa = PBXCopyFilesBuildPhase;
			buildActionMask = 2147483647;
			dstPath = "";
			dstSubfolderSpec = 10;
			files = (
			);
			name = "Embed Frameworks";
			runOnlyForDeploymentPostprocessing = 0;
		};
/* End PBXCopyFilesBuildPhase section */

/* Begin PBXFileReference section */
		035EF5C3245F299900F29894 /* es */ = {isa = PBXFileReference; lastKnownFileType = text.plist.strings; name = es; path = es.lproj/LaunchScreen.strings; sourceTree = "<group>"; };
		038A31EC2CFBEC150069E5D8 /* PrivacyInfo.xcprivacy */ = {isa = PBXFileReference; lastKnownFileType = text.xml; path = PrivacyInfo.xcprivacy; sourceTree = "<group>"; };
		03FF1744258C17E500BA447D /* Conjugar.entitlements */ = {isa = PBXFileReference; lastKnownFileType = text.plist.entitlements; path = Conjugar.entitlements; sourceTree = "<group>"; };
		03FF1747258C17E900BA447D /* CloudKit.framework */ = {isa = PBXFileReference; lastKnownFileType = wrapper.framework; name = CloudKit.framework; path = System/Library/Frameworks/CloudKit.framework; sourceTree = SDKROOT; };
		E11CE1011F48867400E74E10 /* sadTrombone.mp3 */ = {isa = PBXFileReference; lastKnownFileType = audio.mp3; path = sadTrombone.mp3; sourceTree = "<group>"; };
		E14271361F01CA98001D19E1 /* GameKit.framework */ = {isa = PBXFileReference; lastKnownFileType = wrapper.framework; name = GameKit.framework; path = System/Library/Frameworks/GameKit.framework; sourceTree = SDKROOT; };
		E1483FAC1EF5A2200052C436 /* Assets.xcassets */ = {isa = PBXFileReference; lastKnownFileType = folder.assetcatalog; path = Assets.xcassets; sourceTree = "<group>"; };
		E1483FBE1EF746D70052C436 /* chime.mp3 */ = {isa = PBXFileReference; lastKnownFileType = audio.mp3; path = chime.mp3; sourceTree = "<group>"; };
		E1483FC51EF89C710052C436 /* applause1.mp3 */ = {isa = PBXFileReference; lastKnownFileType = audio.mp3; path = applause1.mp3; sourceTree = "<group>"; };
		E1483FC61EF89C710052C436 /* applause2.mp3 */ = {isa = PBXFileReference; lastKnownFileType = audio.mp3; path = applause2.mp3; sourceTree = "<group>"; };
		E1483FC71EF89C710052C436 /* applause3.mp3 */ = {isa = PBXFileReference; lastKnownFileType = audio.mp3; path = applause3.mp3; sourceTree = "<group>"; };
		E1483FCB1EF89D4E0052C436 /* chirp.mp3 */ = {isa = PBXFileReference; lastKnownFileType = audio.mp3; path = chirp.mp3; sourceTree = "<group>"; };
		E1483FCD1EF89DAD0052C436 /* buzz.mp3 */ = {isa = PBXFileReference; lastKnownFileType = audio.mp3; path = buzz.mp3; sourceTree = "<group>"; };
		E18F7F3D1ECA7E3700633200 /* silence.mp3 */ = {isa = PBXFileReference; lastKnownFileType = audio.mp3; path = silence.mp3; sourceTree = "<group>"; };
		E19794332073D0C90015D490 /* gun.mp3 */ = {isa = PBXFileReference; lastKnownFileType = audio.mp3; path = gun.mp3; sourceTree = "<group>"; };
		E1F06AD41E8F05F300ADD2E1 /* Conjugar.app */ = {isa = PBXFileReference; explicitFileType = wrapper.application; includeInIndex = 0; path = Conjugar.app; sourceTree = BUILT_PRODUCTS_DIR; };
		E1F06AE11E8F05F300ADD2E1 /* Base */ = {isa = PBXFileReference; lastKnownFileType = file.storyboard; name = Base; path = Base.lproj/LaunchScreen.storyboard; sourceTree = "<group>"; };
		E1F06AE31E8F05F300ADD2E1 /* Info.plist */ = {isa = PBXFileReference; lastKnownFileType = text.plist.xml; path = Info.plist; sourceTree = "<group>"; };
		E1F06AE81E8F05F400ADD2E1 /* ConjugarTests.xctest */ = {isa = PBXFileReference; explicitFileType = wrapper.cfbundle; includeInIndex = 0; path = ConjugarTests.xctest; sourceTree = BUILT_PRODUCTS_DIR; };
/* End PBXFileReference section */

/* Begin PBXFileSystemSynchronizedBuildFileExceptionSet section */
		0353B3822FDCE50E00FF069B /* PBXFileSystemSynchronizedBuildFileExceptionSet */ = {
			isa = PBXFileSystemSynchronizedBuildFileExceptionSet;
			membershipExceptions = (
				UIViewControllerExtension.swift,
			);
			target = E1F06AE71E8F05F400ADD2E1 /* ConjugarTests */;
		};
		0353B3D82FDCE54000FF069B /* PBXFileSystemSynchronizedBuildFileExceptionSet */ = {
			isa = PBXFileSystemSynchronizedBuildFileExceptionSet;
			membershipExceptions = (
				Info.plist,
			);
			target = E1F06AE71E8F05F400ADD2E1 /* ConjugarTests */;
		};
/* End PBXFileSystemSynchronizedBuildFileExceptionSet section */

/* Begin PBXFileSystemSynchronizedRootGroup section */
		0353B2D62FDCE50E00FF069B /* Models */ = {isa = PBXFileSystemSynchronizedRootGroup; explicitFileTypes = {}; explicitFolders = (); path = Models; sourceTree = "<group>"; };
		0353B2F62FDCE50E00FF069B /* Views */ = {isa = PBXFileSystemSynchronizedRootGroup; explicitFileTypes = {}; explicitFolders = (); path = Views; sourceTree = "<group>"; };
		0353B3042FDCE50E00FF069B /* UIViews */ = {isa = PBXFileSystemSynchronizedRootGroup; explicitFileTypes = {}; explicitFolders = (); path = UIViews; sourceTree = "<group>"; };
		0353B3372FDCE50E00FF069B /* Utils */ = {isa = PBXFileSystemSynchronizedRootGroup; exceptions = (0353B3822FDCE50E00FF069B /* PBXFileSystemSynchronizedBuildFileExceptionSet */, ); explicitFileTypes = {}; explicitFolders = (); path = Utils; sourceTree = "<group>"; };
		0353B3632FDCE50E00FF069B /* Analytics */ = {isa = PBXFileSystemSynchronizedRootGroup; explicitFileTypes = {}; explicitFolders = (); path = Analytics; sourceTree = "<group>"; };
		0353B36B2FDCE50E00FF069B /* Supporting */ = {isa = PBXFileSystemSynchronizedRootGroup; explicitFileTypes = {}; explicitFolders = (); path = Supporting; sourceTree = "<group>"; };
		0353B3782FDCE50E00FF069B /* Controllers */ = {isa = PBXFileSystemSynchronizedRootGroup; explicitFileTypes = {}; explicitFolders = (); path = Controllers; sourceTree = "<group>"; };
		0353B3B12FDCE54000FF069B /* ConjugarTests */ = {isa = PBXFileSystemSynchronizedRootGroup; exceptions = (0353B3D82FDCE54000FF069B /* PBXFileSystemSynchronizedBuildFileExceptionSet */, ); explicitFileTypes = {}; explicitFolders = (); path = ConjugarTests; sourceTree = "<group>"; };
/* End PBXFileSystemSynchronizedRootGroup section */

/* Begin PBXFrameworksBuildPhase section */
		E1F06AD11E8F05F200ADD2E1 /* Frameworks */ = {
			isa = PBXFrameworksBuildPhase;
			buildActionMask = 2147483647;
			files = (
				E14271371F01CA98001D19E1 /* GameKit.framework in Frameworks */,
				03FF1748258C17E900BA447D /* CloudKit.framework in Frameworks */,
			);
			runOnlyForDeploymentPostprocessing = 0;
		};
		E1F06AE51E8F05F400ADD2E1 /* Frameworks */ = {
			isa = PBXFrameworksBuildPhase;
			buildActionMask = 2147483647;
			files = (
			);
			runOnlyForDeploymentPostprocessing = 0;
		};
/* End PBXFrameworksBuildPhase section */

/* Begin PBXGroup section */
		E107B0901EB66E9F004C5E91 /* Assets */ = {
			isa = PBXGroup;
			children = (
				E1483FAC1EF5A2200052C436 /* Assets.xcassets */,
				038A31EC2CFBEC150069E5D8 /* PrivacyInfo.xcprivacy */,
				E1483FBC1EF746C40052C436 /* Sounds */,
			);
			name = Assets;
			sourceTree = "<group>";
		};
		E14271351F01CA98001D19E1 /* Frameworks */ = {
			isa = PBXGroup;
			children = (
				03FF1747258C17E900BA447D /* CloudKit.framework */,
				E14271361F01CA98001D19E1 /* GameKit.framework */,
			);
			name = Frameworks;
			sourceTree = "<group>";
		};
		E1483FBC1EF746C40052C436 /* Sounds */ = {
			isa = PBXGroup;
			children = (
				E1483FC51EF89C710052C436 /* applause1.mp3 */,
				E1483FC61EF89C710052C436 /* applause2.mp3 */,
				E1483FC71EF89C710052C436 /* applause3.mp3 */,
				E1483FCD1EF89DAD0052C436 /* buzz.mp3 */,
				E1483FBE1EF746D70052C436 /* chime.mp3 */,
				E1483FCB1EF89D4E0052C436 /* chirp.mp3 */,
				E19794332073D0C90015D490 /* gun.mp3 */,
				E11CE1011F48867400E74E10 /* sadTrombone.mp3 */,
				E18F7F3D1ECA7E3700633200 /* silence.mp3 */,
			);
			name = Sounds;
			sourceTree = "<group>";
		};
		E1F06ACB1E8F05F200ADD2E1 = {
			isa = PBXGroup;
			children = (
				E1F06AD61E8F05F300ADD2E1 /* Conjugar */,
				0353B3B12FDCE54000FF069B /* ConjugarTests */,
				E1F06AD51E8F05F300ADD2E1 /* Products */,
				E14271351F01CA98001D19E1 /* Frameworks */,
			);
			sourceTree = "<group>";
		};
		E1F06AD51E8F05F300ADD2E1 /* Products */ = {
			isa = PBXGroup;
			children = (
				E1F06AD41E8F05F300ADD2E1 /* Conjugar.app */,
				E1F06AE81E8F05F400ADD2E1 /* ConjugarTests.xctest */,
			);
			name = Products;
			sourceTree = "<group>";
		};
		E1F06AD61E8F05F300ADD2E1 /* Conjugar */ = {
			isa = PBXGroup;
			children = (
				03FF1744258C17E500BA447D /* Conjugar.entitlements */,
				0353B3632FDCE50E00FF069B /* Analytics */,
				E107B0901EB66E9F004C5E91 /* Assets */,
				0353B3782FDCE50E00FF069B /* Controllers */,
				0353B2D62FDCE50E00FF069B /* Models */,
				0353B36B2FDCE50E00FF069B /* Supporting */,
				0353B2F62FDCE50E00FF069B /* Views */,
				0353B3042FDCE50E00FF069B /* UIViews */,
				0353B3372FDCE50E00FF069B /* Utils */,
				E1F06AE31E8F05F300ADD2E1 /* Info.plist */,
				E1F06AE01E8F05F300ADD2E1 /* LaunchScreen.storyboard */,
			);
			path = Conjugar;
			sourceTree = "<group>";
		};
/* End PBXGroup section */

/* Begin PBXNativeTarget section */
		E1F06AD31E8F05F200ADD2E1 /* Conjugar */ = {
			isa = PBXNativeTarget;
			buildConfigurationList = E1F06AF11E8F05F400ADD2E1 /* Build configuration list for PBXNativeTarget "Conjugar" */;
			buildPhases = (
				E1F06AD01E8F05F200ADD2E1 /* Sources */,
				E1F06AD11E8F05F200ADD2E1 /* Frameworks */,
				E1F06AD21E8F05F200ADD2E1 /* Resources */,
				E1EC70F92198A63700872787 /* Embed Frameworks */,
				E1171C8F21A9A4AD00B06342 /* Run SwiftLint */,
			);
			buildRules = (
			);
			dependencies = (
			);
			fileSystemSynchronizedGroups = (
				0353B2D62FDCE50E00FF069B /* Models */,
				0353B2F62FDCE50E00FF069B /* Views */,
				0353B3042FDCE50E00FF069B /* UIViews */,
				0353B3372FDCE50E00FF069B /* Utils */,
				0353B3632FDCE50E00FF069B /* Analytics */,
				0353B36B2FDCE50E00FF069B /* Supporting */,
				0353B3782FDCE50E00FF069B /* Controllers */,
			);
			name = Conjugar;
			productName = Conjugar;
			productReference = E1F06AD41E8F05F300ADD2E1 /* Conjugar.app */;
			productType = "com.apple.product-type.application";
		};
		E1F06AE71E8F05F400ADD2E1 /* ConjugarTests */ = {
			isa = PBXNativeTarget;
			buildConfigurationList = E1F06AF41E8F05F400ADD2E1 /* Build configuration list for PBXNativeTarget "ConjugarTests" */;
			buildPhases = (
				E1F06AE41E8F05F400ADD2E1 /* Sources */,
				E1F06AE51E8F05F400ADD2E1 /* Frameworks */,
				E1F06AE61E8F05F400ADD2E1 /* Resources */,
			);
			buildRules = (
			);
			dependencies = (
				E1F06AEA1E8F05F400ADD2E1 /* PBXTargetDependency */,
			);
			fileSystemSynchronizedGroups = (
				0353B3B12FDCE54000FF069B /* ConjugarTests */,
			);
			name = ConjugarTests;
			productName = ConjugarTests;
			productReference = E1F06AE81E8F05F400ADD2E1 /* ConjugarTests.xctest */;
			productType = "com.apple.product-type.bundle.unit-test";
		};
/* End PBXNativeTarget section */

/* Begin PBXProject section */
		E1F06ACC1E8F05F200ADD2E1 /* Project object */ = {
			isa = PBXProject;
			attributes = {
				BuildIndependentTargetsInParallel = YES;
				DefaultBuildSystemTypeForWorkspace = Latest;
				LastSwiftUpdateCheck = 1010;
				LastUpgradeCheck = 2630;
				ORGANIZATIONNAME = "Josh Adams";
				TargetAttributes = {
					E1F06AD31E8F05F200ADD2E1 = {
						CreatedOnToolsVersion = 8.2.1;
						DevelopmentTeam = V3L2PL4QC9;
						LastSwiftMigration = 1020;
						ProvisioningStyle = Automatic;
					};
					E1F06AE71E8F05F400ADD2E1 = {
						CreatedOnToolsVersion = 8.2.1;
						DevelopmentTeam = V3L2PL4QC9;
						LastSwiftMigration = 1020;
						ProvisioningStyle = Automatic;
						TestTargetID = E1F06AD31E8F05F200ADD2E1;
					};
				};
			};
			buildConfigurationList = E1F06ACF1E8F05F200ADD2E1 /* Build configuration list for PBXProject "Conjugar" */;
			compatibilityVersion = "Xcode 3.2";
			developmentRegion = en;
			hasScannedForEncodings = 0;
			knownRegions = (
				en,
				Base,
				es,
			);
			mainGroup = E1F06ACB1E8F05F200ADD2E1;
			productRefGroup = E1F06AD51E8F05F300ADD2E1 /* Products */;
			projectDirPath = "";
			projectRoot = "";
			targets = (
				E1F06AD31E8F05F200ADD2E1 /* Conjugar */,
				E1F06AE71E8F05F400ADD2E1 /* ConjugarTests */,
			);
		};
/* End PBXProject section */

/* Begin PBXResourcesBuildPhase section */
		E1F06AD21E8F05F200ADD2E1 /* Resources */ = {
			isa = PBXResourcesBuildPhase;
			buildActionMask = 2147483647;
			files = (
				E1483FC01EF746D70052C436 /* chime.mp3 in Resources */,
				E18F7F3E1ECA7E3700633200 /* silence.mp3 in Resources */,
				038A31ED2CFBEC150069E5D8 /* PrivacyInfo.xcprivacy in Resources */,
				E1F06AE21E8F05F300ADD2E1 /* LaunchScreen.storyboard in Resources */,
				E19794342073D0C90015D490 /* gun.mp3 in Resources */,
				E1483FCC1EF89D4E0052C436 /* chirp.mp3 in Resources */,
				E1483FC91EF89C710052C436 /* applause2.mp3 in Resources */,
				E11CE1021F48867400E74E10 /* sadTrombone.mp3 in Resources */,
				E1483FAD1EF5A2200052C436 /* Assets.xcassets in Resources */,
				E1483FC81EF89C710052C436 /* applause1.mp3 in Resources */,
				E1483FCA1EF89C710052C436 /* applause3.mp3 in Resources */,
				E1483FCE1EF89DAD0052C436 /* buzz.mp3 in Resources */,
			);
			runOnlyForDeploymentPostprocessing = 0;
		};
		E1F06AE61E8F05F400ADD2E1 /* Resources */ = {
			isa = PBXResourcesBuildPhase;
			buildActionMask = 2147483647;
			files = (
			);
			runOnlyForDeploymentPostprocessing = 0;
		};
/* End PBXResourcesBuildPhase section */

/* Begin PBXShellScriptBuildPhase section */
		E1171C8F21A9A4AD00B06342 /* Run SwiftLint */ = {
			isa = PBXShellScriptBuildPhase;
			alwaysOutOfDate = 1;
			buildActionMask = 2147483647;
			files = (
			);
			inputFileListPaths = (
			);
			inputPaths = (
			);
			name = "Run SwiftLint";
			outputFileListPaths = (
			);
			outputPaths = (
			);
			runOnlyForDeploymentPostprocessing = 0;
			shellPath = /bin/sh;
			shellScript = "if which swiftlint >/dev/null; then\nswiftlint\nelse\necho \"warning: SwiftLint not installed, download from https://github.com/realm/SwiftLint\"\nfi\n";
		};
/* End PBXShellScriptBuildPhase section */

/* Begin PBXSourcesBuildPhase section */
		E1F06AD01E8F05F200ADD2E1 /* Sources */ = {
			isa = PBXSourcesBuildPhase;
			buildActionMask = 2147483647;
			files = (
			);
			runOnlyForDeploymentPostprocessing = 0;
		};
		E1F06AE41E8F05F400ADD2E1 /* Sources */ = {
			isa = PBXSourcesBuildPhase;
			buildActionMask = 2147483647;
			files = (
			);
			runOnlyForDeploymentPostprocessing = 0;
		};
/* End PBXSourcesBuildPhase section */

/* Begin PBXTargetDependency section */
		E1F06AEA1E8F05F400ADD2E1 /* PBXTargetDependency */ = {
			isa = PBXTargetDependency;
			target = E1F06AD31E8F05F200ADD2E1 /* Conjugar */;
			targetProxy = E1F06AE91E8F05F400ADD2E1 /* PBXContainerItemProxy */;
		};
/* End PBXTargetDependency section */

/* Begin PBXVariantGroup section */
		E1F06AE01E8F05F300ADD2E1 /* LaunchScreen.storyboard */ = {
			isa = PBXVariantGroup;
			children = (
				E1F06AE11E8F05F300ADD2E1 /* Base */,
				035EF5C3245F299900F29894 /* es */,
			);
			name = LaunchScreen.storyboard;
			sourceTree = "<group>";
		};
/* End PBXVariantGroup section */

/* Begin XCBuildConfiguration section */
		E1F06AEF1E8F05F400ADD2E1 /* Debug */ = {
			isa = XCBuildConfiguration;
			buildSettings = {
				ALWAYS_SEARCH_USER_PATHS = NO;
				CLANG_ANALYZER_LOCALIZABILITY_NONLOCALIZED = YES;
				CLANG_ANALYZER_NONNULL = YES;
				CLANG_CXX_LANGUAGE_STANDARD = "gnu++0x";
				CLANG_CXX_LIBRARY = "libc++";
				CLANG_ENABLE_MODULES = YES;
				CLANG_ENABLE_OBJC_ARC = YES;
				CLANG_WARN_BLOCK_CAPTURE_AUTORELEASING = YES;
				CLANG_WARN_BOOL_CONVERSION = YES;
				CLANG_WARN_COMMA = YES;
				CLANG_WARN_CONSTANT_CONVERSION = YES;
				CLANG_WARN_DEPRECATED_OBJC_IMPLEMENTATIONS = YES;
				CLANG_WARN_DIRECT_OBJC_ISA_USAGE = YES_ERROR;
				CLANG_WARN_DOCUMENTATION_COMMENTS = YES;
				CLANG_WARN_EMPTY_BODY = YES;
				CLANG_WARN_ENUM_CONVERSION = YES;
				CLANG_WARN_INFINITE_RECURSION = YES;
				CLANG_WARN_INT_CONVERSION = YES;
				CLANG_WARN_NON_LITERAL_NULL_CONVERSION = YES;
				CLANG_WARN_OBJC_IMPLICIT_RETAIN_SELF = YES;
				CLANG_WARN_OBJC_LITERAL_CONVERSION = YES;
				CLANG_WARN_OBJC_ROOT_CLASS = YES_ERROR;
				CLANG_WARN_QUOTED_INCLUDE_IN_FRAMEWORK_HEADER = YES;
				CLANG_WARN_RANGE_LOOP_ANALYSIS = YES;
				CLANG_WARN_STRICT_PROTOTYPES = YES;
				CLANG_WARN_SUSPICIOUS_MOVE = YES;
				CLANG_WARN_UNREACHABLE_CODE = YES;
				CLANG_WARN__DUPLICATE_METHOD_MATCH = YES;
				"CODE_SIGN_IDENTITY[sdk=iphoneos*]" = "iPhone Developer";
				COPY_PHASE_STRIP = NO;
				DEBUG_INFORMATION_FORMAT = dwarf;
				DEVELOPMENT_TEAM = V3L2PL4QC9;
				ENABLE_STRICT_OBJC_MSGSEND = YES;
				ENABLE_TESTABILITY = YES;
				GCC_C_LANGUAGE_STANDARD = gnu99;
				GCC_DYNAMIC_NO_PIC = NO;
				GCC_NO_COMMON_BLOCKS = YES;
				GCC_OPTIMIZATION_LEVEL = 0;
				GCC_PREPROCESSOR_DEFINITIONS = (
					"DEBUG=1",
					"$(inherited)",
				);
				GCC_WARN_64_TO_32_BIT_CONVERSION = YES;
				GCC_WARN_ABOUT_RETURN_TYPE = YES_ERROR;
				GCC_WARN_UNDECLARED_SELECTOR = YES;
				GCC_WARN_UNINITIALIZED_AUTOS = YES_AGGRESSIVE;
				GCC_WARN_UNUSED_FUNCTION = YES;
				GCC_WARN_UNUSED_VARIABLE = YES;
				IPHONEOS_DEPLOYMENT_TARGET = 26.0;
				LOCALIZATION_PREFERS_STRING_CATALOGS = YES;
				MTL_ENABLE_DEBUG_INFO = YES;
				ONLY_ACTIVE_ARCH = YES;
				SDKROOT = iphoneos;
				STRING_CATALOG_GENERATE_SYMBOLS = YES;
				SWIFT_ACTIVE_COMPILATION_CONDITIONS = DEBUG;
				SWIFT_EMIT_LOC_STRINGS = YES;
				SWIFT_OPTIMIZATION_LEVEL = "-Onone";
				SWIFT_STRICT_CONCURRENCY = complete;
				TARGETED_DEVICE_FAMILY = "1,2";
				VALIDATE_WORKSPACE = NO;
			};
			name = Debug;
		};
		E1F06AF01E8F05F400ADD2E1 /* Release */ = {
			isa = XCBuildConfiguration;
			buildSettings = {
				ALWAYS_SEARCH_USER_PATHS = NO;
				CLANG_ANALYZER_LOCALIZABILITY_NONLOCALIZED = YES;
				CLANG_ANALYZER_NONNULL = YES;
				CLANG_CXX_LANGUAGE_STANDARD = "gnu++0x";
				CLANG_CXX_LIBRARY = "libc++";
				CLANG_ENABLE_MODULES = YES;
				CLANG_ENABLE_OBJC_ARC = YES;
				CLANG_WARN_BLOCK_CAPTURE_AUTORELEASING = YES;
				CLANG_WARN_BOOL_CONVERSION = YES;
				CLANG_WARN_COMMA = YES;
				CLANG_WARN_CONSTANT_CONVERSION = YES;
				CLANG_WARN_DEPRECATED_OBJC_IMPLEMENTATIONS = YES;
				CLANG_WARN_DIRECT_OBJC_ISA_USAGE = YES_ERROR;
				CLANG_WARN_DOCUMENTATION_COMMENTS = YES;
				CLANG_WARN_EMPTY_BODY = YES;
				CLANG_WARN_ENUM_CONVERSION = YES;
				CLANG_WARN_INFINITE_RECURSION = YES;
				CLANG_WARN_INT_CONVERSION = YES;
				CLANG_WARN_NON_LITERAL_NULL_CONVERSION = YES;
				CLANG_WARN_OBJC_IMPLICIT_RETAIN_SELF = YES;
				CLANG_WARN_OBJC_LITERAL_CONVERSION = YES;
				CLANG_WARN_OBJC_ROOT_CLASS = YES_ERROR;
				CLANG_WARN_QUOTED_INCLUDE_IN_FRAMEWORK_HEADER = YES;
				CLANG_WARN_RANGE_LOOP_ANALYSIS = YES;
				CLANG_WARN_STRICT_PROTOTYPES = YES;
				CLANG_WARN_SUSPICIOUS_MOVE = YES;
				CLANG_WARN_UNREACHABLE_CODE = YES;
				CLANG_WARN__DUPLICATE_METHOD_MATCH = YES;
				"CODE_SIGN_IDENTITY[sdk=iphoneos*]" = "iPhone Developer";
				COPY_PHASE_STRIP = NO;
				DEBUG_INFORMATION_FORMAT = "dwarf-with-dsym";
				DEVELOPMENT_TEAM = V3L2PL4QC9;
				ENABLE_NS_ASSERTIONS = NO;
				ENABLE_STRICT_OBJC_MSGSEND = YES;
				GCC_C_LANGUAGE_STANDARD = gnu99;
				GCC_NO_COMMON_BLOCKS = YES;
				GCC_WARN_64_TO_32_BIT_CONVERSION = YES;
				GCC_WARN_ABOUT_RETURN_TYPE = YES_ERROR;
				GCC_WARN_UNDECLARED_SELECTOR = YES;
				GCC_WARN_UNINITIALIZED_AUTOS = YES_AGGRESSIVE;
				GCC_WARN_UNUSED_FUNCTION = YES;
				GCC_WARN_UNUSED_VARIABLE = YES;
				IPHONEOS_DEPLOYMENT_TARGET = 26.0;
				LOCALIZATION_PREFERS_STRING_CATALOGS = YES;
				MTL_ENABLE_DEBUG_INFO = NO;
				SDKROOT = iphoneos;
				STRING_CATALOG_GENERATE_SYMBOLS = YES;
				SWIFT_COMPILATION_MODE = wholemodule;
				SWIFT_EMIT_LOC_STRINGS = YES;
				SWIFT_OPTIMIZATION_LEVEL = "-O";
				SWIFT_STRICT_CONCURRENCY = complete;
				TARGETED_DEVICE_FAMILY = "1,2";
				VALIDATE_PRODUCT = YES;
				VALIDATE_WORKSPACE = NO;
			};
			name = Release;
		};
		E1F06AF21E8F05F400ADD2E1 /* Debug */ = {
			isa = XCBuildConfiguration;
			buildSettings = {
				ASSETCATALOG_COMPILER_APPICON_NAME = AppIcon;
				ASSETCATALOG_COMPILER_GENERATE_SWIFT_ASSET_SYMBOL_EXTENSIONS = YES;
				CODE_SIGN_ENTITLEMENTS = Conjugar/Conjugar.entitlements;
				CURRENT_PROJECT_VERSION = 2.8;
				INFOPLIST_FILE = Conjugar/Info.plist;
				IPHONEOS_DEPLOYMENT_TARGET = 26.0;
				LD_RUNPATH_SEARCH_PATHS = (
					"$(inherited)",
					"@executable_path/Frameworks",
				);
				MARKETING_VERSION = 2.8;
				PRODUCT_BUNDLE_IDENTIFIER = biz.joshadams.Conjugar;
				PRODUCT_NAME = "$(TARGET_NAME)";
				SWIFT_APPROACHABLE_CONCURRENCY = YES;
				SWIFT_DEFAULT_ACTOR_ISOLATION = MainActor;
				SWIFT_UPCOMING_FEATURE_MEMBER_IMPORT_VISIBILITY = YES;
				SWIFT_VERSION = 6.0;
				TARGETED_DEVICE_FAMILY = 1;
				VALIDATE_WORKSPACE = NO;
			};
			name = Debug;
		};
		E1F06AF31E8F05F400ADD2E1 /* Release */ = {
			isa = XCBuildConfiguration;
			buildSettings = {
				ASSETCATALOG_COMPILER_APPICON_NAME = AppIcon;
				ASSETCATALOG_COMPILER_GENERATE_SWIFT_ASSET_SYMBOL_EXTENSIONS = YES;
				CODE_SIGN_ENTITLEMENTS = Conjugar/Conjugar.entitlements;
				CURRENT_PROJECT_VERSION = 2.8;
				INFOPLIST_FILE = Conjugar/Info.plist;
				IPHONEOS_DEPLOYMENT_TARGET = 26.0;
				LD_RUNPATH_SEARCH_PATHS = (
					"$(inherited)",
					"@executable_path/Frameworks",
				);
				MARKETING_VERSION = 2.8;
				PRODUCT_BUNDLE_IDENTIFIER = biz.joshadams.Conjugar;
				PRODUCT_NAME = "$(TARGET_NAME)";
				SWIFT_APPROACHABLE_CONCURRENCY = YES;
				SWIFT_DEFAULT_ACTOR_ISOLATION = MainActor;
				SWIFT_UPCOMING_FEATURE_MEMBER_IMPORT_VISIBILITY = YES;
				SWIFT_VERSION = 6.0;
				TARGETED_DEVICE_FAMILY = 1;
				VALIDATE_WORKSPACE = NO;
			};
			name = Release;
		};
		E1F06AF51E8F05F400ADD2E1 /* Debug */ = {
			isa = XCBuildConfiguration;
			buildSettings = {
				BUNDLE_LOADER = "$(TEST_HOST)";
				INFOPLIST_FILE = ConjugarTests/Info.plist;
				IPHONEOS_DEPLOYMENT_TARGET = 26.0;
				LD_RUNPATH_SEARCH_PATHS = (
					"$(inherited)",
					"@executable_path/Frameworks",
					"@loader_path/Frameworks",
				);
				PRODUCT_BUNDLE_IDENTIFIER = biz.joshadams.ConjugarTests;
				PRODUCT_NAME = "$(TARGET_NAME)";
				SWIFT_APPROACHABLE_CONCURRENCY = YES;
				SWIFT_UPCOMING_FEATURE_MEMBER_IMPORT_VISIBILITY = YES;
				SWIFT_VERSION = 6.0;
				TEST_HOST = "$(BUILT_PRODUCTS_DIR)/Conjugar.app/Conjugar";
			};
			name = Debug;
		};
		E1F06AF61E8F05F400ADD2E1 /* Release */ = {
			isa = XCBuildConfiguration;
			buildSettings = {
				BUNDLE_LOADER = "$(TEST_HOST)";
				INFOPLIST_FILE = ConjugarTests/Info.plist;
				IPHONEOS_DEPLOYMENT_TARGET = 26.0;
				LD_RUNPATH_SEARCH_PATHS = (
					"$(inherited)",
					"@executable_path/Frameworks",
					"@loader_path/Frameworks",
				);
				PRODUCT_BUNDLE_IDENTIFIER = biz.joshadams.ConjugarTests;
				PRODUCT_NAME = "$(TARGET_NAME)";
				SWIFT_APPROACHABLE_CONCURRENCY = YES;
				SWIFT_UPCOMING_FEATURE_MEMBER_IMPORT_VISIBILITY = YES;
				SWIFT_VERSION = 6.0;
				TEST_HOST = "$(BUILT_PRODUCTS_DIR)/Conjugar.app/Conjugar";
			};
			name = Release;
		};
/* End XCBuildConfiguration section */

/* Begin XCConfigurationList section */
		E1F06ACF1E8F05F200ADD2E1 /* Build configuration list for PBXProject "Conjugar" */ = {
			isa = XCConfigurationList;
			buildConfigurations = (
				E1F06AEF1E8F05F400ADD2E1 /* Debug */,
				E1F06AF01E8F05F400ADD2E1 /* Release */,
			);
			defaultConfigurationIsVisible = 0;
			defaultConfigurationName = Release;
		};
		E1F06AF11E8F05F400ADD2E1 /* Build configuration list for PBXNativeTarget "Conjugar" */ = {
			isa = XCConfigurationList;
			buildConfigurations = (
				E1F06AF21E8F05F400ADD2E1 /* Debug */,
				E1F06AF31E8F05F400ADD2E1 /* Release */,
			);
			defaultConfigurationIsVisible = 0;
			defaultConfigurationName = Release;
		};
		E1F06AF41E8F05F400ADD2E1 /* Build configuration list for PBXNativeTarget "ConjugarTests" */ = {
			isa = XCConfigurationList;
			buildConfigurations = (
				E1F06AF51E8F05F400ADD2E1 /* Debug */,
				E1F06AF61E8F05F400ADD2E1 /* Release */,
			);
			defaultConfigurationIsVisible = 0;
			defaultConfigurationName = Release;
		};
/* End XCConfigurationList section */
	};
	rootObject = E1F06ACC1E8F05F200ADD2E1 /* Project object */;
}
